// !$*UTF8*$!
{
	archiveVersion = 1;
	classes = {
	};
	objectVersion = 45;
	objects = {

/* Begin PBXBuildFile section */
		2C19E0B60EBE7C5200B9BA96 /* MGRecessedPopUpButtonCell.m in Sources */ = {isa = PBXBuildFile; fileRef = 2C19E0B20EBE7C5200B9BA96 /* MGRecessedPopUpButtonCell.m */; };
		2C19E0B70EBE7C5200B9BA96 /* MGScopeBar.m in Sources */ = {isa = PBXBuildFile; fileRef = 2C19E0B40EBE7C5200B9BA96 /* MGScopeBar.m */; };
		2C4CCA900EABA3C9003EE952 /* AsyncSocket.m in Sources */ = {isa = PBXBuildFile; fileRef = 2C4CCA8E0EABA3C9003EE952 /* AsyncSocket.m */; };
		2C4CCA960EABA5FC003EE952 /* LoggerPlugin.m in Sources */ = {isa = PBXBuildFile; fileRef = 2C4CCA950EABA5FC003EE952 /* LoggerPlugin.m */; };
		2C4CCAF10EABB42B003EE952 /* ButtonBackground.png in Resources */ = {isa = PBXBuildFile; fileRef = 2C4CCAEC0EABB42B003EE952 /* ButtonBackground.png */; };
		2C4CCAF20EABB42B003EE952 /* ButtonBackgroundRightCap.png in Resources */ = {isa = PBXBuildFile; fileRef = 2C4CCAED0EABB42B003EE952 /* ButtonBackgroundRightCap.png */; };
		2C4CCAF30EABB42B003EE952 /* led_off.png in Resources */ = {isa = PBXBuildFile; fileRef = 2C4CCAEE0EABB42B003EE952 /* led_off.png */; };
		2C4CCAF40EABB42B003EE952 /* led_on.png in Resources */ = {isa = PBXBuildFile; fileRef = 2C4CCAEF0EABB42B003EE952 /* led_on.png */; };
		2C4CCAF80EABB463003EE952 /* DuplicateIcon.png in Resources */ = {isa = PBXBuildFile; fileRef = 2C4CCAF70EABB463003EE952 /* DuplicateIcon.png */; };
		2C4CCB440EABBF1F003EE952 /* UKFileWatcher.m in Sources */ = {isa = PBXBuildFile; fileRef = 2C4CCB3C0EABBF1F003EE952 /* UKFileWatcher.m */; };
		2C4CCB450EABBF1F003EE952 /* UKFNSubscribeFileWatcher.m in Sources */ = {isa = PBXBuildFile; fileRef = 2C4CCB3E0EABBF1F003EE952 /* UKFNSubscribeFileWatcher.m */; };
		2C4CCB470EABBF1F003EE952 /* UKKQueue.m in Sources */ = {isa = PBXBuildFile; fileRef = 2C4CCB410EABBF1F003EE952 /* UKKQueue.m */; };
		2C4CCB480EABBF1F003EE952 /* UKMainThreadProxy.m in Sources */ = {isa = PBXBuildFile; fileRef = 2C4CCB430EABBF1F003EE952 /* UKMainThreadProxy.m */; };
		2C8D2C5E0EAD28540020E651 /* CommandMessage.m in Sources */ = {isa = PBXBuildFile; fileRef = 2C8D2C570EAD28540020E651 /* CommandMessage.m */; };
		2C8D2C5F0EAD28540020E651 /* ConnectionSignature.m in Sources */ = {isa = PBXBuildFile; fileRef = 2C8D2C590EAD28540020E651 /* ConnectionSignature.m */; };
		2C8D2C600EAD28540020E651 /* LogMessage.m in Sources */ = {isa = PBXBuildFile; fileRef = 2C8D2C5B0EAD28540020E651 /* LogMessage.m */; };
		2C8D2C610EAD28540020E651 /* PolicyFileRequest.m in Sources */ = {isa = PBXBuildFile; fileRef = 2C8D2C5D0EAD28540020E651 /* PolicyFileRequest.m */; };
		2C8D2CA00EAD3E5F0020E651 /* StackTraceItem.m in Sources */ = {isa = PBXBuildFile; fileRef = 2C8D2C9E0EAD3E5F0020E651 /* StackTraceItem.m */; };
		2CECB5570EAE930400CFA438 /* MessageModel.m in Sources */ = {isa = PBXBuildFile; fileRef = 2CECB5560EAE930400CFA438 /* MessageModel.m */; };
		2CECB55C0EAE98B900CFA438 /* SimpleMessage.m in Sources */ = {isa = PBXBuildFile; fileRef = 2CECB55B0EAE98B900CFA438 /* SimpleMessage.m */; };
		2CECB56F0EAE9E5200CFA438 /* MessageController.m in Sources */ = {isa = PBXBuildFile; fileRef = 2CECB56E0EAE9E5200CFA438 /* MessageController.m */; };
		2CECB5750EAEA1C300CFA438 /* MessageViewController.m in Sources */ = {isa = PBXBuildFile; fileRef = 2CECB5740EAEA1C300CFA438 /* MessageViewController.m */; };
		2CECB5900EAEA40B00CFA438 /* MessageParser.m in Sources */ = {isa = PBXBuildFile; fileRef = 2CECB58D0EAEA40B00CFA438 /* MessageParser.m */; };
		2CECB5910EAEA40B00CFA438 /* StackTraceParser.m in Sources */ = {isa = PBXBuildFile; fileRef = 2CECB58F0EAEA40B00CFA438 /* StackTraceParser.m */; };
		496AF0560F3219D60049FB23 /* RegexKit.framework in Frameworks */ = {isa = PBXBuildFile; fileRef = 496AF0550F3219D60049FB23 /* RegexKit.framework */; };
		496AF06B0F321D070049FB23 /* NSString+LPStringAdditions.m in Sources */ = {isa = PBXBuildFile; fileRef = 496AF06A0F321D070049FB23 /* NSString+LPStringAdditions.m */; };
		496AF0740F321D760049FB23 /* AbstractPlugin.m in Sources */ = {isa = PBXBuildFile; fileRef = 496AF0730F321D760049FB23 /* AbstractPlugin.m */; };
		8D5B49B0048680CD000E48DA /* InfoPlist.strings in Resources */ = {isa = PBXBuildFile; fileRef = 089C167DFE841241C02AAC07 /* InfoPlist.strings */; };
		8D5B49B4048680CD000E48DA /* Cocoa.framework in Frameworks */ = {isa = PBXBuildFile; fileRef = 1058C7ADFEA557BF11CA2CBB /* Cocoa.framework */; };
/* End PBXBuildFile section */

/* Begin PBXFileReference section */
		089C1672FE841209C02AAC07 /* Foundation.framework */ = {isa = PBXFileReference; lastKnownFileType = wrapper.framework; name = Foundation.framework; path = /System/Library/Frameworks/Foundation.framework; sourceTree = "<absolute>"; };
		089C167EFE841241C02AAC07 /* English */ = {isa = PBXFileReference; fileEncoding = 10; lastKnownFileType = text.plist.strings; name = English; path = English.lproj/InfoPlist.strings; sourceTree = "<group>"; };
		089C167FFE841241C02AAC07 /* AppKit.framework */ = {isa = PBXFileReference; lastKnownFileType = wrapper.framework; name = AppKit.framework; path = /System/Library/Frameworks/AppKit.framework; sourceTree = "<absolute>"; };
		1058C7ADFEA557BF11CA2CBB /* Cocoa.framework */ = {isa = PBXFileReference; lastKnownFileType = wrapper.framework; name = Cocoa.framework; path = /System/Library/Frameworks/Cocoa.framework; sourceTree = "<absolute>"; };
		2C19E0B10EBE7C5200B9BA96 /* MGRecessedPopUpButtonCell.h */ = {isa = PBXFileReference; fileEncoding = 4; lastKnownFileType = sourcecode.c.h; path = MGRecessedPopUpButtonCell.h; sourceTree = "<group>"; };
		2C19E0B20EBE7C5200B9BA96 /* MGRecessedPopUpButtonCell.m */ = {isa = PBXFileReference; fileEncoding = 4; lastKnownFileType = sourcecode.c.objc; path = MGRecessedPopUpButtonCell.m; sourceTree = "<group>"; };
		2C19E0B30EBE7C5200B9BA96 /* MGScopeBar.h */ = {isa = PBXFileReference; fileEncoding = 4; lastKnownFileType = sourcecode.c.h; path = MGScopeBar.h; sourceTree = "<group>"; };
		2C19E0B40EBE7C5200B9BA96 /* MGScopeBar.m */ = {isa = PBXFileReference; fileEncoding = 4; lastKnownFileType = sourcecode.c.objc; path = MGScopeBar.m; sourceTree = "<group>"; };
		2C19E0B50EBE7C5200B9BA96 /* MGScopeBarDelegateProtocol.h */ = {isa = PBXFileReference; fileEncoding = 4; lastKnownFileType = sourcecode.c.h; path = MGScopeBarDelegateProtocol.h; sourceTree = "<group>"; };
		2C4CCA8D0EABA3C9003EE952 /* AsyncSocket.h */ = {isa = PBXFileReference; fileEncoding = 4; lastKnownFileType = sourcecode.c.h; path = AsyncSocket.h; sourceTree = "<group>"; };
		2C4CCA8E0EABA3C9003EE952 /* AsyncSocket.m */ = {isa = PBXFileReference; fileEncoding = 4; lastKnownFileType = sourcecode.c.objc; path = AsyncSocket.m; sourceTree = "<group>"; };
		2C4CCA940EABA5FC003EE952 /* LoggerPlugin.h */ = {isa = PBXFileReference; fileEncoding = 4; lastKnownFileType = sourcecode.c.h; path = LoggerPlugin.h; sourceTree = "<group>"; };
		2C4CCA950EABA5FC003EE952 /* LoggerPlugin.m */ = {isa = PBXFileReference; fileEncoding = 4; lastKnownFileType = sourcecode.c.objc; path = LoggerPlugin.m; sourceTree = "<group>"; };
		2C4CCAEA0EABB42B003EE952 /* FilterEditor.xib */ = {isa = PBXFileReference; lastKnownFileType = file.xib; path = FilterEditor.xib; sourceTree = "<group>"; };
		2C4CCAEC0EABB42B003EE952 /* ButtonBackground.png */ = {isa = PBXFileReference; lastKnownFileType = image.png; path = ButtonBackground.png; sourceTree = "<group>"; };
		2C4CCAED0EABB42B003EE952 /* ButtonBackgroundRightCap.png */ = {isa = PBXFileReference; lastKnownFileType = image.png; path = ButtonBackgroundRightCap.png; sourceTree = "<group>"; };
		2C4CCAEE0EABB42B003EE952 /* led_off.png */ = {isa = PBXFileReference; lastKnownFileType = image.png; path = led_off.png; sourceTree = "<group>"; };
		2C4CCAEF0EABB42B003EE952 /* led_on.png */ = {isa = PBXFileReference; lastKnownFileType = image.png; path = led_on.png; sourceTree = "<group>"; };
		2C4CCAF70EABB463003EE952 /* DuplicateIcon.png */ = {isa = PBXFileReference; lastKnownFileType = image.png; path = DuplicateIcon.png; sourceTree = "<group>"; };
		2C4CCAFC0EABB501003EE952 /* LogWindow.xib */ = {isa = PBXFileReference; lastKnownFileType = file.xib; path = LogWindow.xib; sourceTree = "<group>"; };
		2C4CCB3B0EABBF1F003EE952 /* UKFileWatcher.h */ = {isa = PBXFileReference; fileEncoding = 4; lastKnownFileType = sourcecode.c.h; path = UKFileWatcher.h; sourceTree = "<group>"; };
		2C4CCB3C0EABBF1F003EE952 /* UKFileWatcher.m */ = {isa = PBXFileReference; fileEncoding = 4; lastKnownFileType = sourcecode.c.objc; path = UKFileWatcher.m; sourceTree = "<group>"; };
		2C4CCB3D0EABBF1F003EE952 /* UKFNSubscribeFileWatcher.h */ = {isa = PBXFileReference; fileEncoding = 4; lastKnownFileType = sourcecode.c.h; path = UKFNSubscribeFileWatcher.h; sourceTree = "<group>"; };
		2C4CCB3E0EABBF1F003EE952 /* UKFNSubscribeFileWatcher.m */ = {isa = PBXFileReference; fileEncoding = 4; lastKnownFileType = sourcecode.c.objc; path = UKFNSubscribeFileWatcher.m; sourceTree = "<group>"; };
		2C4CCB400EABBF1F003EE952 /* UKKQueue.h */ = {isa = PBXFileReference; fileEncoding = 4; lastKnownFileType = sourcecode.c.h; path = UKKQueue.h; sourceTree = "<group>"; };
		2C4CCB410EABBF1F003EE952 /* UKKQueue.m */ = {isa = PBXFileReference; fileEncoding = 4; lastKnownFileType = sourcecode.c.objc; path = UKKQueue.m; sourceTree = "<group>"; };
		2C4CCB420EABBF1F003EE952 /* UKMainThreadProxy.h */ = {isa = PBXFileReference; fileEncoding = 4; lastKnownFileType = sourcecode.c.h; path = UKMainThreadProxy.h; sourceTree = "<group>"; };
		2C4CCB430EABBF1F003EE952 /* UKMainThreadProxy.m */ = {isa = PBXFileReference; fileEncoding = 4; lastKnownFileType = sourcecode.c.objc; path = UKMainThreadProxy.m; sourceTree = "<group>"; };
		2C8D2C560EAD28540020E651 /* CommandMessage.h */ = {isa = PBXFileReference; fileEncoding = 4; lastKnownFileType = sourcecode.c.h; path = CommandMessage.h; sourceTree = "<group>"; };
		2C8D2C570EAD28540020E651 /* CommandMessage.m */ = {isa = PBXFileReference; fileEncoding = 4; lastKnownFileType = sourcecode.c.objc; path = CommandMessage.m; sourceTree = "<group>"; };
		2C8D2C580EAD28540020E651 /* ConnectionSignature.h */ = {isa = PBXFileReference; fileEncoding = 4; lastKnownFileType = sourcecode.c.h; path = ConnectionSignature.h; sourceTree = "<group>"; };
		2C8D2C590EAD28540020E651 /* ConnectionSignature.m */ = {isa = PBXFileReference; fileEncoding = 4; lastKnownFileType = sourcecode.c.objc; path = ConnectionSignature.m; sourceTree = "<group>"; };
		2C8D2C5A0EAD28540020E651 /* LogMessage.h */ = {isa = PBXFileReference; fileEncoding = 4; lastKnownFileType = sourcecode.c.h; path = LogMessage.h; sourceTree = "<group>"; };
		2C8D2C5B0EAD28540020E651 /* LogMessage.m */ = {isa = PBXFileReference; fileEncoding = 4; lastKnownFileType = sourcecode.c.objc; path = LogMessage.m; sourceTree = "<group>"; };
		2C8D2C5C0EAD28540020E651 /* PolicyFileRequest.h */ = {isa = PBXFileReference; fileEncoding = 4; lastKnownFileType = sourcecode.c.h; path = PolicyFileRequest.h; sourceTree = "<group>"; };
		2C8D2C5D0EAD28540020E651 /* PolicyFileRequest.m */ = {isa = PBXFileReference; fileEncoding = 4; lastKnownFileType = sourcecode.c.objc; path = PolicyFileRequest.m; sourceTree = "<group>"; };
		2C8D2C9E0EAD3E5F0020E651 /* StackTraceItem.m */ = {isa = PBXFileReference; fileEncoding = 4; lastKnownFileType = sourcecode.c.objc; path = StackTraceItem.m; sourceTree = "<group>"; };
		2C8D2C9F0EAD3E5F0020E651 /* StackTraceItem.h */ = {isa = PBXFileReference; fileEncoding = 4; lastKnownFileType = sourcecode.c.h; path = StackTraceItem.h; sourceTree = "<group>"; };
		2C8D2CC70EAD49090020E651 /* Constants.h */ = {isa = PBXFileReference; fileEncoding = 4; lastKnownFileType = sourcecode.c.h; path = Constants.h; sourceTree = "<group>"; };
		2CECB5550EAE930400CFA438 /* MessageModel.h */ = {isa = PBXFileReference; fileEncoding = 4; lastKnownFileType = sourcecode.c.h; path = MessageModel.h; sourceTree = "<group>"; };
		2CECB5560EAE930400CFA438 /* MessageModel.m */ = {isa = PBXFileReference; fileEncoding = 4; lastKnownFileType = sourcecode.c.objc; path = MessageModel.m; sourceTree = "<group>"; };
		2CECB55A0EAE98B900CFA438 /* SimpleMessage.h */ = {isa = PBXFileReference; fileEncoding = 4; lastKnownFileType = sourcecode.c.h; path = SimpleMessage.h; sourceTree = "<group>"; };
		2CECB55B0EAE98B900CFA438 /* SimpleMessage.m */ = {isa = PBXFileReference; fileEncoding = 4; lastKnownFileType = sourcecode.c.objc; path = SimpleMessage.m; sourceTree = "<group>"; };
		2CECB56D0EAE9E5200CFA438 /* MessageController.h */ = {isa = PBXFileReference; fileEncoding = 4; lastKnownFileType = sourcecode.c.h; path = MessageController.h; sourceTree = "<group>"; };
		2CECB56E0EAE9E5200CFA438 /* MessageController.m */ = {isa = PBXFileReference; fileEncoding = 4; lastKnownFileType = sourcecode.c.objc; path = MessageController.m; sourceTree = "<group>"; };
		2CECB5730EAEA1C300CFA438 /* MessageViewController.h */ = {isa = PBXFileReference; fileEncoding = 4; lastKnownFileType = sourcecode.c.h; path = MessageViewController.h; sourceTree = "<group>"; };
		2CECB5740EAEA1C300CFA438 /* MessageViewController.m */ = {isa = PBXFileReference; fileEncoding = 4; lastKnownFileType = sourcecode.c.objc; path = MessageViewController.m; sourceTree = "<group>"; };
		2CECB58C0EAEA40B00CFA438 /* MessageParser.h */ = {isa = PBXFileReference; fileEncoding = 4; lastKnownFileType = sourcecode.c.h; path = MessageParser.h; sourceTree = "<group>"; };
		2CECB58D0EAEA40B00CFA438 /* MessageParser.m */ = {isa = PBXFileReference; fileEncoding = 4; lastKnownFileType = sourcecode.c.objc; path = MessageParser.m; sourceTree = "<group>"; };
		2CECB58E0EAEA40B00CFA438 /* StackTraceParser.h */ = {isa = PBXFileReference; fileEncoding = 4; lastKnownFileType = sourcecode.c.h; path = StackTraceParser.h; sourceTree = "<group>"; };
		2CECB58F0EAEA40B00CFA438 /* StackTraceParser.m */ = {isa = PBXFileReference; fileEncoding = 4; lastKnownFileType = sourcecode.c.objc; path = StackTraceParser.m; sourceTree = "<group>"; };
		32DBCF630370AF2F00C91783 /* Logger_Prefix.pch */ = {isa = PBXFileReference; fileEncoding = 4; lastKnownFileType = sourcecode.c.h; path = Logger_Prefix.pch; sourceTree = "<group>"; };
		496AF0550F3219D60049FB23 /* RegexKit.framework */ = {isa = PBXFileReference; lastKnownFileType = wrapper.framework; name = RegexKit.framework; path = ../../Application/Frameworks/RegexKit.framework; sourceTree = SOURCE_ROOT; };
		496AF0690F321D070049FB23 /* NSString+LPStringAdditions.h */ = {isa = PBXFileReference; fileEncoding = 4; lastKnownFileType = sourcecode.c.h; path = "NSString+LPStringAdditions.h"; sourceTree = "<group>"; };
		496AF06A0F321D070049FB23 /* NSString+LPStringAdditions.m */ = {isa = PBXFileReference; fileEncoding = 4; lastKnownFileType = sourcecode.c.objc; path = "NSString+LPStringAdditions.m"; sourceTree = "<group>"; };
		496AF0710F321D6A0049FB23 /* AbstractPlugin.h */ = {isa = PBXFileReference; fileEncoding = 4; lastKnownFileType = sourcecode.c.h; name = AbstractPlugin.h; path = ../../Application/Classes/AbstractPlugin.h; sourceTree = SOURCE_ROOT; };
		496AF0730F321D760049FB23 /* AbstractPlugin.m */ = {isa = PBXFileReference; fileEncoding = 4; lastKnownFileType = sourcecode.c.objc; name = AbstractPlugin.m; path = ../../Application/Classes/AbstractPlugin.m; sourceTree = SOURCE_ROOT; };
		8D5B49B6048680CD000E48DA /* Logger.trazzlePlugin */ = {isa = PBXFileReference; explicitFileType = wrapper.cfbundle; includeInIndex = 0; path = Logger.trazzlePlugin; sourceTree = BUILT_PRODUCTS_DIR; };
		8D5B49B7048680CD000E48DA /* Info.plist */ = {isa = PBXFileReference; fileEncoding = 4; lastKnownFileType = text.plist.xml; path = Info.plist; sourceTree = "<group>"; };
		D2F7E65807B2D6F200F64583 /* CoreData.framework */ = {isa = PBXFileReference; lastKnownFileType = wrapper.framework; name = CoreData.framework; path = /System/Library/Frameworks/CoreData.framework; sourceTree = "<absolute>"; };
/* End PBXFileReference section */

/* Begin PBXFrameworksBuildPhase section */
		8D5B49B3048680CD000E48DA /* Frameworks */ = {
			isa = PBXFrameworksBuildPhase;
			buildActionMask = 2147483647;
			files = (
				8D5B49B4048680CD000E48DA /* Cocoa.framework in Frameworks */,
				496AF0560F3219D60049FB23 /* RegexKit.framework in Frameworks */,
			);
			runOnlyForDeploymentPostprocessing = 0;
		};
/* End PBXFrameworksBuildPhase section */

/* Begin PBXGroup section */
		089C166AFE841209C02AAC07 /* Logger */ = {
			isa = PBXGroup;
			children = (
				08FB77AFFE84173DC02AAC07 /* Classes */,
				2C4CCA8A0EABA3C9003EE952 /* Libraries */,
				32C88E010371C26100C91783 /* Other Sources */,
				089C167CFE841241C02AAC07 /* Resources */,
				089C1671FE841209C02AAC07 /* Frameworks and Libraries */,
				19C28FB8FE9D52D311CA2CBB /* Products */,
			);
			name = Logger;
			sourceTree = "<group>";
		};
		089C1671FE841209C02AAC07 /* Frameworks and Libraries */ = {
			isa = PBXGroup;
			children = (
				1058C7ACFEA557BF11CA2CBB /* Linked Frameworks */,
				1058C7AEFEA557BF11CA2CBB /* Other Frameworks */,
			);
			name = "Frameworks and Libraries";
			sourceTree = "<group>";
		};
		089C167CFE841241C02AAC07 /* Resources */ = {
			isa = PBXGroup;
			children = (
				2C4CCAE90EABB42B003EE952 /* Xibs */,
				2C4CCAEB0EABB42B003EE952 /* Images */,
				8D5B49B7048680CD000E48DA /* Info.plist */,
				089C167DFE841241C02AAC07 /* InfoPlist.strings */,
			);
			path = Resources;
			sourceTree = "<group>";
		};
		08FB77AFFE84173DC02AAC07 /* Classes */ = {
			isa = PBXGroup;
			children = (
				496AF0710F321D6A0049FB23 /* AbstractPlugin.h */,
				496AF0730F321D760049FB23 /* AbstractPlugin.m */,
				2C8D2CC70EAD49090020E651 /* Constants.h */,
				2C4CCA940EABA5FC003EE952 /* LoggerPlugin.h */,
				2C4CCA950EABA5FC003EE952 /* LoggerPlugin.m */,
				2CECB5540EAE92F200CFA438 /* messaging */,
				2C8D2C520EAD1E170020E651 /* vo */,
				496AF0680F321CC90049FB23 /* categories */,
			);
			path = Classes;
			sourceTree = "<group>";
		};
		1058C7ACFEA557BF11CA2CBB /* Linked Frameworks */ = {
			isa = PBXGroup;
			children = (
				496AF0550F3219D60049FB23 /* RegexKit.framework */,
				1058C7ADFEA557BF11CA2CBB /* Cocoa.framework */,
			);
			name = "Linked Frameworks";
			sourceTree = "<group>";
		};
		1058C7AEFEA557BF11CA2CBB /* Other Frameworks */ = {
			isa = PBXGroup;
			children = (
				089C167FFE841241C02AAC07 /* AppKit.framework */,
				D2F7E65807B2D6F200F64583 /* CoreData.framework */,
				089C1672FE841209C02AAC07 /* Foundation.framework */,
			);
			name = "Other Frameworks";
			sourceTree = "<group>";
		};
		19C28FB8FE9D52D311CA2CBB /* Products */ = {
			isa = PBXGroup;
			children = (
				8D5B49B6048680CD000E48DA /* Logger.trazzlePlugin */,
			);
			name = Products;
			sourceTree = "<group>";
		};
		2C19E0B00EBE7C5200B9BA96 /* MGScopeBar */ = {
			isa = PBXGroup;
			children = (
				2C19E0B10EBE7C5200B9BA96 /* MGRecessedPopUpButtonCell.h */,
				2C19E0B20EBE7C5200B9BA96 /* MGRecessedPopUpButtonCell.m */,
				2C19E0B30EBE7C5200B9BA96 /* MGScopeBar.h */,
				2C19E0B40EBE7C5200B9BA96 /* MGScopeBar.m */,
				2C19E0B50EBE7C5200B9BA96 /* MGScopeBarDelegateProtocol.h */,
			);
			path = MGScopeBar;
			sourceTree = "<group>";
		};
		2C4CCA8A0EABA3C9003EE952 /* Libraries */ = {
			isa = PBXGroup;
			children = (
				2C19E0B00EBE7C5200B9BA96 /* MGScopeBar */,
				2C4CCA8B0EABA3C9003EE952 /* AsyncSocket */,
				2C4CCB3A0EABBF1F003EE952 /* UKKQueue */,
			);
			path = Libraries;
			sourceTree = "<group>";
		};
		2C4CCA8B0EABA3C9003EE952 /* AsyncSocket */ = {
			isa = PBXGroup;
			children = (
				2C4CCA8D0EABA3C9003EE952 /* AsyncSocket.h */,
				2C4CCA8E0EABA3C9003EE952 /* AsyncSocket.m */,
			);
			path = AsyncSocket;
			sourceTree = "<group>";
		};
		2C4CCAE90EABB42B003EE952 /* Xibs */ = {
			isa = PBXGroup;
			children = (
				2C4CCAFC0EABB501003EE952 /* LogWindow.xib */,
				2C4CCAEA0EABB42B003EE952 /* FilterEditor.xib */,
			);
			path = Xibs;
			sourceTree = "<group>";
		};
		2C4CCAEB0EABB42B003EE952 /* Images */ = {
			isa = PBXGroup;
			children = (
				2C4CCAEC0EABB42B003EE952 /* ButtonBackground.png */,
				2C4CCAED0EABB42B003EE952 /* ButtonBackgroundRightCap.png */,
				2C4CCAF70EABB463003EE952 /* DuplicateIcon.png */,
				2C4CCAEE0EABB42B003EE952 /* led_off.png */,
				2C4CCAEF0EABB42B003EE952 /* led_on.png */,
			);
			path = Images;
			sourceTree = "<group>";
		};
		2C4CCB3A0EABBF1F003EE952 /* UKKQueue */ = {
			isa = PBXGroup;
			children = (
				2C4CCB3B0EABBF1F003EE952 /* UKFileWatcher.h */,
				2C4CCB3C0EABBF1F003EE952 /* UKFileWatcher.m */,
				2C4CCB3D0EABBF1F003EE952 /* UKFNSubscribeFileWatcher.h */,
				2C4CCB3E0EABBF1F003EE952 /* UKFNSubscribeFileWatcher.m */,
				2C4CCB400EABBF1F003EE952 /* UKKQueue.h */,
				2C4CCB410EABBF1F003EE952 /* UKKQueue.m */,
				2C4CCB420EABBF1F003EE952 /* UKMainThreadProxy.h */,
				2C4CCB430EABBF1F003EE952 /* UKMainThreadProxy.m */,
			);
			path = UKKQueue;
			sourceTree = "<group>";
		};
		2C8D2C520EAD1E170020E651 /* vo */ = {
			isa = PBXGroup;
			children = (
				2C8D2C550EAD28540020E651 /* messages */,
			);
			path = vo;
			sourceTree = "<group>";
		};
		2C8D2C550EAD28540020E651 /* messages */ = {
			isa = PBXGroup;
			children = (
				2C8D2C560EAD28540020E651 /* CommandMessage.h */,
				2C8D2C570EAD28540020E651 /* CommandMessage.m */,
				2C8D2C580EAD28540020E651 /* ConnectionSignature.h */,
				2C8D2C590EAD28540020E651 /* ConnectionSignature.m */,
				2C8D2C5A0EAD28540020E651 /* LogMessage.h */,
				2C8D2C5B0EAD28540020E651 /* LogMessage.m */,
				2C8D2C5C0EAD28540020E651 /* PolicyFileRequest.h */,
				2C8D2C5D0EAD28540020E651 /* PolicyFileRequest.m */,
				2C8D2C9F0EAD3E5F0020E651 /* StackTraceItem.h */,
				2C8D2C9E0EAD3E5F0020E651 /* StackTraceItem.m */,
				2CECB55A0EAE98B900CFA438 /* SimpleMessage.h */,
				2CECB55B0EAE98B900CFA438 /* SimpleMessage.m */,
			);
			path = messages;
			sourceTree = "<group>";
		};
		2CECB5540EAE92F200CFA438 /* messaging */ = {
			isa = PBXGroup;
			children = (
				2CECB5550EAE930400CFA438 /* MessageModel.h */,
				2CECB5560EAE930400CFA438 /* MessageModel.m */,
				2CECB56D0EAE9E5200CFA438 /* MessageController.h */,
				2CECB56E0EAE9E5200CFA438 /* MessageController.m */,
				2CECB5730EAEA1C300CFA438 /* MessageViewController.h */,
				2CECB5740EAEA1C300CFA438 /* MessageViewController.m */,
				2CECB58B0EAEA40B00CFA438 /* parser */,
			);
			path = messaging;
			sourceTree = "<group>";
		};
		2CECB58B0EAEA40B00CFA438 /* parser */ = {
			isa = PBXGroup;
			children = (
				2CECB58C0EAEA40B00CFA438 /* MessageParser.h */,
				2CECB58D0EAEA40B00CFA438 /* MessageParser.m */,
				2CECB58E0EAEA40B00CFA438 /* StackTraceParser.h */,
				2CECB58F0EAEA40B00CFA438 /* StackTraceParser.m */,
			);
			path = parser;
			sourceTree = "<group>";
		};
		32C88E010371C26100C91783 /* Other Sources */ = {
			isa = PBXGroup;
			children = (
				32DBCF630370AF2F00C91783 /* Logger_Prefix.pch */,
			);
			name = "Other Sources";
			sourceTree = "<group>";
		};
		496AF0680F321CC90049FB23 /* categories */ = {
			isa = PBXGroup;
			children = (
				496AF0690F321D070049FB23 /* NSString+LPStringAdditions.h */,
				496AF06A0F321D070049FB23 /* NSString+LPStringAdditions.m */,
			);
			name = categories;
			sourceTree = "<group>";
		};
/* End PBXGroup section */

/* Begin PBXNativeTarget section */
		8D5B49AC048680CD000E48DA /* Logger */ = {
			isa = PBXNativeTarget;
			buildConfigurationList = 1DEB913A08733D840010E9CD /* Build configuration list for PBXNativeTarget "Logger" */;
			buildPhases = (
				8D5B49AF048680CD000E48DA /* Resources */,
				8D5B49B1048680CD000E48DA /* Sources */,
				8D5B49B3048680CD000E48DA /* Frameworks */,
			);
			buildRules = (
			);
			dependencies = (
			);
			name = Logger;
			productInstallPath = "$(HOME)/Library/Bundles";
			productName = Logger;
			productReference = 8D5B49B6048680CD000E48DA /* Logger.trazzlePlugin */;
			productType = "com.apple.product-type.bundle";
		};
/* End PBXNativeTarget section */

/* Begin PBXProject section */
		089C1669FE841209C02AAC07 /* Project object */ = {
			isa = PBXProject;
			buildConfigurationList = 1DEB913E08733D840010E9CD /* Build configuration list for PBXProject "Logger" */;
			compatibilityVersion = "Xcode 3.1";
			hasScannedForEncodings = 1;
			mainGroup = 089C166AFE841209C02AAC07 /* Logger */;
			projectDirPath = "";
			projectRoot = "";
			targets = (
				8D5B49AC048680CD000E48DA /* Logger */,
			);
		};
/* End PBXProject section */

/* Begin PBXResourcesBuildPhase section */
		8D5B49AF048680CD000E48DA /* Resources */ = {
			isa = PBXResourcesBuildPhase;
			buildActionMask = 2147483647;
			files = (
				8D5B49B0048680CD000E48DA /* InfoPlist.strings in Resources */,
				2C4CCAF10EABB42B003EE952 /* ButtonBackground.png in Resources */,
				2C4CCAF20EABB42B003EE952 /* ButtonBackgroundRightCap.png in Resources */,
				2C4CCAF30EABB42B003EE952 /* led_off.png in Resources */,
				2C4CCAF40EABB42B003EE952 /* led_on.png in Resources */,
				2C4CCAF80EABB463003EE952 /* DuplicateIcon.png in Resources */,
			);
			runOnlyForDeploymentPostprocessing = 0;
		};
/* End PBXResourcesBuildPhase section */

/* Begin PBXSourcesBuildPhase section */
		8D5B49B1048680CD000E48DA /* Sources */ = {
			isa = PBXSourcesBuildPhase;
			buildActionMask = 2147483647;
			files = (
				2C4CCA900EABA3C9003EE952 /* AsyncSocket.m in Sources */,
				2C4CCA960EABA5FC003EE952 /* LoggerPlugin.m in Sources */,
				2C4CCB440EABBF1F003EE952 /* UKFileWatcher.m in Sources */,
				2C4CCB450EABBF1F003EE952 /* UKFNSubscribeFileWatcher.m in Sources */,
				2C4CCB470EABBF1F003EE952 /* UKKQueue.m in Sources */,
				2C4CCB480EABBF1F003EE952 /* UKMainThreadProxy.m in Sources */,
				2C8D2C5E0EAD28540020E651 /* CommandMessage.m in Sources */,
				2C8D2C5F0EAD28540020E651 /* ConnectionSignature.m in Sources */,
				2C8D2C600EAD28540020E651 /* LogMessage.m in Sources */,
				2C8D2C610EAD28540020E651 /* PolicyFileRequest.m in Sources */,
				2C8D2CA00EAD3E5F0020E651 /* StackTraceItem.m in Sources */,
				2CECB5570EAE930400CFA438 /* MessageModel.m in Sources */,
				2CECB55C0EAE98B900CFA438 /* SimpleMessage.m in Sources */,
				2CECB56F0EAE9E5200CFA438 /* MessageController.m in Sources */,
				2CECB5750EAEA1C300CFA438 /* MessageViewController.m in Sources */,
				2CECB5900EAEA40B00CFA438 /* MessageParser.m in Sources */,
				2CECB5910EAEA40B00CFA438 /* StackTraceParser.m in Sources */,
				2C19E0B60EBE7C5200B9BA96 /* MGRecessedPopUpButtonCell.m in Sources */,
				2C19E0B70EBE7C5200B9BA96 /* MGScopeBar.m in Sources */,
				496AF06B0F321D070049FB23 /* NSString+LPStringAdditions.m in Sources */,
				496AF0740F321D760049FB23 /* AbstractPlugin.m in Sources */,
			);
			runOnlyForDeploymentPostprocessing = 0;
		};
/* End PBXSourcesBuildPhase section */

/* Begin PBXVariantGroup section */
		089C167DFE841241C02AAC07 /* InfoPlist.strings */ = {
			isa = PBXVariantGroup;
			children = (
				089C167EFE841241C02AAC07 /* English */,
			);
			name = InfoPlist.strings;
			sourceTree = "<group>";
		};
/* End PBXVariantGroup section */

/* Begin XCBuildConfiguration section */
		1DEB913B08733D840010E9CD /* Debug */ = {
			isa = XCBuildConfiguration;
			buildSettings = {
				ALWAYS_SEARCH_USER_PATHS = NO;
				COPY_PHASE_STRIP = NO;
				FRAMEWORK_SEARCH_PATHS = (
					"$(inherited)",
					"\"$(SRCROOT)/../../project/Subway/build/Release\"",
					"\"$(SRCROOT)/../../Application/Frameworks\"",
				);
				GCC_DYNAMIC_NO_PIC = NO;
				GCC_ENABLE_FIX_AND_CONTINUE = YES;
				GCC_MODEL_TUNING = G5;
				GCC_OPTIMIZATION_LEVEL = 0;
				GCC_PRECOMPILE_PREFIX_HEADER = YES;
				GCC_PREFIX_HEADER = Logger_Prefix.pch;
				INFOPLIST_FILE = Resources/Info.plist;
				INSTALL_PATH = "$(HOME)/Library/Bundles";
				PRODUCT_NAME = Logger;
				WRAPPER_EXTENSION = trazzlePlugin;
			};
			name = Debug;
		};
		1DEB913C08733D840010E9CD /* Release */ = {
			isa = XCBuildConfiguration;
			buildSettings = {
				ALWAYS_SEARCH_USER_PATHS = NO;
				DEBUG_INFORMATION_FORMAT = "dwarf-with-dsym";
				FRAMEWORK_SEARCH_PATHS = (
					"$(inherited)",
					"\"$(SRCROOT)/../../project/Subway/build/Release\"",
					"\"$(SRCROOT)/../../Application/Frameworks\"",
				);
				GCC_MODEL_TUNING = G5;
				GCC_PRECOMPILE_PREFIX_HEADER = YES;
				GCC_PREFIX_HEADER = Logger_Prefix.pch;
				INFOPLIST_FILE = Resources/Info.plist;
				INSTALL_PATH = "$(HOME)/Library/Bundles";
				PRODUCT_NAME = Logger;
				WRAPPER_EXTENSION = trazzlePlugin;
			};
			name = Release;
		};
		1DEB913F08733D840010E9CD /* Debug */ = {
			isa = XCBuildConfiguration;
			buildSettings = {
				ARCHS = "$(ARCHS_STANDARD_32_BIT)";
				GCC_C_LANGUAGE_STANDARD = c99;
				GCC_OPTIMIZATION_LEVEL = 0;
				GCC_WARN_ABOUT_RETURN_TYPE = YES;
				GCC_WARN_UNUSED_VARIABLE = YES;
				HEADER_SEARCH_PATHS = ../../Application/Classes;
				ONLY_ACTIVE_ARCH = YES;
				PREBINDING = NO;
				SDKROOT = macosx10.5;
			};
			name = Debug;
		};
		1DEB914008733D840010E9CD /* Release */ = {
			isa = XCBuildConfiguration;
			buildSettings = {
				ARCHS = "$(ARCHS_STANDARD_32_BIT)";
				GCC_C_LANGUAGE_STANDARD = c99;
				GCC_WARN_ABOUT_RETURN_TYPE = YES;
				GCC_WARN_UNUSED_VARIABLE = YES;
				HEADER_SEARCH_PATHS = ../../Application/Classes;
				PREBINDING = NO;
				SDKROOT = macosx10.5;
			};
			name = Release;
		};
/* End XCBuildConfiguration section */

/* Begin XCConfigurationList section */
		1DEB913A08733D840010E9CD /* Build configuration list for PBXNativeTarget "Logger" */ = {
			isa = XCConfigurationList;
			buildConfigurations = (
				1DEB913B08733D840010E9CD /* Debug */,
				1DEB913C08733D840010E9CD /* Release */,
			);
			defaultConfigurationIsVisible = 0;
			defaultConfigurationName = Release;
		};
		1DEB913E08733D840010E9CD /* Build configuration list for PBXProject "Logger" */ = {
			isa = XCConfigurationList;
			buildConfigurations = (
				1DEB913F08733D840010E9CD /* Debug */,
				1DEB914008733D840010E9CD /* Release */,
			);
			defaultConfigurationIsVisible = 0;
			defaultConfigurationName = Release;
		};
/* End XCConfigurationList section */
	};
	rootObject = 089C1669FE841209C02AAC07 /* Project object */;
}
