// !$*UTF8*$!
{
	archiveVersion = 1;
	classes = {
	};
	objectVersion = 45;
	objects = {

/* Begin PBXBuildFile section */
		2C0421AE0F3E655300726781 /* NSMMenuController.m in Sources */ = {isa = PBXBuildFile; fileRef = 2C0421AD0F3E655300726781 /* NSMMenuController.m */; };
		2C0422090F3E72B700726781 /* NumericPredicateTemplate.m in Sources */ = {isa = PBXBuildFile; fileRef = 2C0422080F3E72B700726781 /* NumericPredicateTemplate.m */; };
		2C04220C0F3E72C400726781 /* PredicateEditorDarkBackground.m in Sources */ = {isa = PBXBuildFile; fileRef = 2C04220A0F3E72C400726781 /* PredicateEditorDarkBackground.m */; };
		2C04220F0F3E72D200726781 /* RSVerticallyCenteredTextFieldCell.m in Sources */ = {isa = PBXBuildFile; fileRef = 2C04220E0F3E72D200726781 /* RSVerticallyCenteredTextFieldCell.m */; };
		2C159B340F3EF67A00321454 /* SelectedFilterToIconTransformer.m in Sources */ = {isa = PBXBuildFile; fileRef = 2C159B330F3EF67A00321454 /* SelectedFilterToIconTransformer.m */; };
		2C19E0B60EBE7C5200B9BA96 /* MGRecessedPopUpButtonCell.m in Sources */ = {isa = PBXBuildFile; fileRef = 2C19E0B20EBE7C5200B9BA96 /* MGRecessedPopUpButtonCell.m */; };
		2C19E0B70EBE7C5200B9BA96 /* MGScopeBar.m in Sources */ = {isa = PBXBuildFile; fileRef = 2C19E0B40EBE7C5200B9BA96 /* MGScopeBar.m */; };
		2C4CCA900EABA3C9003EE952 /* AsyncSocket.m in Sources */ = {isa = PBXBuildFile; fileRef = 2C4CCA8E0EABA3C9003EE952 /* AsyncSocket.m */; };
		2C4CCA960EABA5FC003EE952 /* LoggerPlugin.m in Sources */ = {isa = PBXBuildFile; fileRef = 2C4CCA950EABA5FC003EE952 /* LoggerPlugin.m */; };
		2C4CCAF10EABB42B003EE952 /* ButtonBackground.png in Resources */ = {isa = PBXBuildFile; fileRef = 2C4CCAEC0EABB42B003EE952 /* ButtonBackground.png */; };
		2C4CCAF20EABB42B003EE952 /* ButtonBackgroundRightCap.png in Resources */ = {isa = PBXBuildFile; fileRef = 2C4CCAED0EABB42B003EE952 /* ButtonBackgroundRightCap.png */; };
		2C4CCAF30EABB42B003EE952 /* led_off.png in Resources */ = {isa = PBXBuildFile; fileRef = 2C4CCAEE0EABB42B003EE952 /* led_off.png */; };
		2C4CCAF40EABB42B003EE952 /* led_on.png in Resources */ = {isa = PBXBuildFile; fileRef = 2C4CCAEF0EABB42B003EE952 /* led_on.png */; };
		2C4CCAF80EABB463003EE952 /* DuplicateIcon.png in Resources */ = {isa = PBXBuildFile; fileRef = 2C4CCAF70EABB463003EE952 /* DuplicateIcon.png */; };
		2C4CCB440EABBF1F003EE952 /* UKFileWatcher.m in Sources */ = {isa = PBXBuildFile; fileRef = 2C4CCB3C0EABBF1F003EE952 /* UKFileWatcher.m */; };
		2C4CCB450EABBF1F003EE952 /* UKFNSubscribeFileWatcher.m in Sources */ = {isa = PBXBuildFile; fileRef = 2C4CCB3E0EABBF1F003EE952 /* UKFNSubscribeFileWatcher.m */; };
		2C4CCB470EABBF1F003EE952 /* UKKQueue.m in Sources */ = {isa = PBXBuildFile; fileRef = 2C4CCB410EABBF1F003EE952 /* UKKQueue.m */; };
		2C4CCB480EABBF1F003EE952 /* UKMainThreadProxy.m in Sources */ = {isa = PBXBuildFile; fileRef = 2C4CCB430EABBF1F003EE952 /* UKMainThreadProxy.m */; };
		2C5582580F33D6A80011B31A /* MessageParser.m in Sources */ = {isa = PBXBuildFile; fileRef = 2C5582550F33D6A80011B31A /* MessageParser.m */; };
		2C5582590F33D6A80011B31A /* MessageModel.m in Sources */ = {isa = PBXBuildFile; fileRef = 2C5582560F33D6A80011B31A /* MessageModel.m */; };
		2C55826C0F33D6CE0011B31A /* ConnectionSignature.m in Sources */ = {isa = PBXBuildFile; fileRef = 2C55825F0F33D6CE0011B31A /* ConnectionSignature.m */; };
		2C55826D0F33D6CE0011B31A /* CommandMessage.m in Sources */ = {isa = PBXBuildFile; fileRef = 2C5582620F33D6CE0011B31A /* CommandMessage.m */; };
		2C55826E0F33D6CE0011B31A /* StackTraceItem.m in Sources */ = {isa = PBXBuildFile; fileRef = 2C5582630F33D6CE0011B31A /* StackTraceItem.m */; };
		2C55826F0F33D6CE0011B31A /* LogMessage.m in Sources */ = {isa = PBXBuildFile; fileRef = 2C5582650F33D6CE0011B31A /* LogMessage.m */; };
		2C5582750F33D75C0011B31A /* AbstractMessage.m in Sources */ = {isa = PBXBuildFile; fileRef = 2C5582740F33D75C0011B31A /* AbstractMessage.m */; };
		2C65ADB80F328187005D7A61 /* MessageParserTest.m in Sources */ = {isa = PBXBuildFile; fileRef = 2C65ADB00F328187005D7A61 /* MessageParserTest.m */; };
		2C65ADBB0F328187005D7A61 /* StackTraceParserTest.m in Sources */ = {isa = PBXBuildFile; fileRef = 2C65ADB70F328187005D7A61 /* StackTraceParserTest.m */; };
		2C65ADCF0F328222005D7A61 /* NSString+LPStringAdditions.m in Sources */ = {isa = PBXBuildFile; fileRef = 496AF06A0F321D070049FB23 /* NSString+LPStringAdditions.m */; };
		2C65AE1D0F328A57005D7A61 /* LoggingViewController.m in Sources */ = {isa = PBXBuildFile; fileRef = 2C65AE1B0F328A57005D7A61 /* LoggingViewController.m */; };
		2C65AE3B0F328A90005D7A61 /* arrow_collapsed.gif in Resources */ = {isa = PBXBuildFile; fileRef = 2C65AE350F328A90005D7A61 /* arrow_collapsed.gif */; };
		2C65AE3C0F328A90005D7A61 /* arrow_expanded.gif in Resources */ = {isa = PBXBuildFile; fileRef = 2C65AE360F328A90005D7A61 /* arrow_expanded.gif */; };
		2C65AE3D0F328A90005D7A61 /* background.gif in Resources */ = {isa = PBXBuildFile; fileRef = 2C65AE370F328A90005D7A61 /* background.gif */; };
		2C65AE3F0F328A90005D7A61 /* output.css in Resources */ = {isa = PBXBuildFile; fileRef = 2C65AE390F328A90005D7A61 /* output.css */; };
		2C65AE400F328A90005D7A61 /* theme.html in Resources */ = {isa = PBXBuildFile; fileRef = 2C65AE3A0F328A90005D7A61 /* theme.html */; };
		2C65AE7C0F328C26005D7A61 /* LogWindow.xib in Resources */ = {isa = PBXBuildFile; fileRef = 2C4CCAFC0EABB501003EE952 /* LogWindow.xib */; };
		2C65AE7D0F328C2A005D7A61 /* FilterEditor.xib in Resources */ = {isa = PBXBuildFile; fileRef = 2C4CCAEA0EABB42B003EE952 /* FilterEditor.xib */; };
		2CBFEF7A0F3E4F7400AA982D /* LPFilterController.m in Sources */ = {isa = PBXBuildFile; fileRef = 2CBFEF790F3E4F7400AA982D /* LPFilterController.m */; };
		2CBFEFB50F3E578200AA982D /* LPFilter.m in Sources */ = {isa = PBXBuildFile; fileRef = 2CBFEFB40F3E578200AA982D /* LPFilter.m */; };
		2CD18C860F3601C9005D0CCE /* LoggingClient.m in Sources */ = {isa = PBXBuildFile; fileRef = 2CD18C850F3601C9005D0CCE /* LoggingClient.m */; };
		49472F300F614C410049A188 /* FileMonitor.m in Sources */ = {isa = PBXBuildFile; fileRef = 49472F2F0F614C410049A188 /* FileMonitor.m */; };
		496AF06B0F321D070049FB23 /* NSString+LPStringAdditions.m in Sources */ = {isa = PBXBuildFile; fileRef = 496AF06A0F321D070049FB23 /* NSString+LPStringAdditions.m */; };
		496AF1300F333BD90049FB23 /* WebKit.framework in Frameworks */ = {isa = PBXBuildFile; fileRef = 496AF12F0F333BD90049FB23 /* WebKit.framework */; };
		496AF19A0F3353870049FB23 /* functions.js in Resources */ = {isa = PBXBuildFile; fileRef = 2C65AE380F328A90005D7A61 /* functions.js */; };
		8D5B49B0048680CD000E48DA /* InfoPlist.strings in Resources */ = {isa = PBXBuildFile; fileRef = 089C167DFE841241C02AAC07 /* InfoPlist.strings */; };
		8D5B49B4048680CD000E48DA /* Cocoa.framework in Frameworks */ = {isa = PBXBuildFile; fileRef = 1058C7ADFEA557BF11CA2CBB /* Cocoa.framework */; };
/* End PBXBuildFile section */

/* Begin PBXFileReference section */
		089C1672FE841209C02AAC07 /* Foundation.framework */ = {isa = PBXFileReference; lastKnownFileType = wrapper.framework; name = Foundation.framework; path = /System/Library/Frameworks/Foundation.framework; sourceTree = "<absolute>"; };
		089C167EFE841241C02AAC07 /* English */ = {isa = PBXFileReference; fileEncoding = 10; lastKnownFileType = text.plist.strings; name = English; path = English.lproj/InfoPlist.strings; sourceTree = "<group>"; };
		089C167FFE841241C02AAC07 /* AppKit.framework */ = {isa = PBXFileReference; lastKnownFileType = wrapper.framework; name = AppKit.framework; path = /System/Library/Frameworks/AppKit.framework; sourceTree = "<absolute>"; };
		1058C7ADFEA557BF11CA2CBB /* Cocoa.framework */ = {isa = PBXFileReference; lastKnownFileType = wrapper.framework; name = Cocoa.framework; path = /System/Library/Frameworks/Cocoa.framework; sourceTree = "<absolute>"; };
		2C0421AC0F3E655300726781 /* NSMMenuController.h */ = {isa = PBXFileReference; fileEncoding = 4; lastKnownFileType = sourcecode.c.h; path = NSMMenuController.h; sourceTree = "<group>"; };
		2C0421AD0F3E655300726781 /* NSMMenuController.m */ = {isa = PBXFileReference; fileEncoding = 4; lastKnownFileType = sourcecode.c.objc; path = NSMMenuController.m; sourceTree = "<group>"; };
		2C0422070F3E72B700726781 /* NumericPredicateTemplate.h */ = {isa = PBXFileReference; fileEncoding = 4; lastKnownFileType = sourcecode.c.h; path = NumericPredicateTemplate.h; sourceTree = "<group>"; };
		2C0422080F3E72B700726781 /* NumericPredicateTemplate.m */ = {isa = PBXFileReference; fileEncoding = 4; lastKnownFileType = sourcecode.c.objc; path = NumericPredicateTemplate.m; sourceTree = "<group>"; };
		2C04220A0F3E72C400726781 /* PredicateEditorDarkBackground.m */ = {isa = PBXFileReference; fileEncoding = 4; lastKnownFileType = sourcecode.c.objc; path = PredicateEditorDarkBackground.m; sourceTree = "<group>"; };
		2C04220B0F3E72C400726781 /* PredicateEditorDarkBackground.h */ = {isa = PBXFileReference; fileEncoding = 4; lastKnownFileType = sourcecode.c.h; path = PredicateEditorDarkBackground.h; sourceTree = "<group>"; };
		2C04220D0F3E72D200726781 /* RSVerticallyCenteredTextFieldCell.h */ = {isa = PBXFileReference; fileEncoding = 4; lastKnownFileType = sourcecode.c.h; path = RSVerticallyCenteredTextFieldCell.h; sourceTree = "<group>"; };
		2C04220E0F3E72D200726781 /* RSVerticallyCenteredTextFieldCell.m */ = {isa = PBXFileReference; fileEncoding = 4; lastKnownFileType = sourcecode.c.objc; path = RSVerticallyCenteredTextFieldCell.m; sourceTree = "<group>"; };
		2C159B320F3EF67A00321454 /* SelectedFilterToIconTransformer.h */ = {isa = PBXFileReference; fileEncoding = 4; lastKnownFileType = sourcecode.c.h; path = SelectedFilterToIconTransformer.h; sourceTree = "<group>"; };
		2C159B330F3EF67A00321454 /* SelectedFilterToIconTransformer.m */ = {isa = PBXFileReference; fileEncoding = 4; lastKnownFileType = sourcecode.c.objc; path = SelectedFilterToIconTransformer.m; sourceTree = "<group>"; };
		2C19E0B10EBE7C5200B9BA96 /* MGRecessedPopUpButtonCell.h */ = {isa = PBXFileReference; fileEncoding = 4; lastKnownFileType = sourcecode.c.h; path = MGRecessedPopUpButtonCell.h; sourceTree = "<group>"; };
		2C19E0B20EBE7C5200B9BA96 /* MGRecessedPopUpButtonCell.m */ = {isa = PBXFileReference; fileEncoding = 4; lastKnownFileType = sourcecode.c.objc; path = MGRecessedPopUpButtonCell.m; sourceTree = "<group>"; };
		2C19E0B30EBE7C5200B9BA96 /* MGScopeBar.h */ = {isa = PBXFileReference; fileEncoding = 4; lastKnownFileType = sourcecode.c.h; path = MGScopeBar.h; sourceTree = "<group>"; };
		2C19E0B40EBE7C5200B9BA96 /* MGScopeBar.m */ = {isa = PBXFileReference; fileEncoding = 4; lastKnownFileType = sourcecode.c.objc; path = MGScopeBar.m; sourceTree = "<group>"; };
		2C19E0B50EBE7C5200B9BA96 /* MGScopeBarDelegateProtocol.h */ = {isa = PBXFileReference; fileEncoding = 4; lastKnownFileType = sourcecode.c.h; path = MGScopeBarDelegateProtocol.h; sourceTree = "<group>"; };
		2C4CCA8D0EABA3C9003EE952 /* AsyncSocket.h */ = {isa = PBXFileReference; fileEncoding = 4; lastKnownFileType = sourcecode.c.h; path = AsyncSocket.h; sourceTree = "<group>"; };
		2C4CCA8E0EABA3C9003EE952 /* AsyncSocket.m */ = {isa = PBXFileReference; fileEncoding = 4; lastKnownFileType = sourcecode.c.objc; path = AsyncSocket.m; sourceTree = "<group>"; };
		2C4CCA940EABA5FC003EE952 /* LoggerPlugin.h */ = {isa = PBXFileReference; fileEncoding = 4; lastKnownFileType = sourcecode.c.h; path = LoggerPlugin.h; sourceTree = "<group>"; };
		2C4CCA950EABA5FC003EE952 /* LoggerPlugin.m */ = {isa = PBXFileReference; fileEncoding = 4; lastKnownFileType = sourcecode.c.objc; path = LoggerPlugin.m; sourceTree = "<group>"; };
		2C4CCAEA0EABB42B003EE952 /* FilterEditor.xib */ = {isa = PBXFileReference; lastKnownFileType = file.xib; path = FilterEditor.xib; sourceTree = "<group>"; };
		2C4CCAEC0EABB42B003EE952 /* ButtonBackground.png */ = {isa = PBXFileReference; lastKnownFileType = image.png; path = ButtonBackground.png; sourceTree = "<group>"; };
		2C4CCAED0EABB42B003EE952 /* ButtonBackgroundRightCap.png */ = {isa = PBXFileReference; lastKnownFileType = image.png; path = ButtonBackgroundRightCap.png; sourceTree = "<group>"; };
		2C4CCAEE0EABB42B003EE952 /* led_off.png */ = {isa = PBXFileReference; lastKnownFileType = image.png; path = led_off.png; sourceTree = "<group>"; };
		2C4CCAEF0EABB42B003EE952 /* led_on.png */ = {isa = PBXFileReference; lastKnownFileType = image.png; path = led_on.png; sourceTree = "<group>"; };
		2C4CCAF70EABB463003EE952 /* DuplicateIcon.png */ = {isa = PBXFileReference; lastKnownFileType = image.png; path = DuplicateIcon.png; sourceTree = "<group>"; };
		2C4CCAFC0EABB501003EE952 /* LogWindow.xib */ = {isa = PBXFileReference; lastKnownFileType = file.xib; path = LogWindow.xib; sourceTree = "<group>"; };
		2C4CCB3B0EABBF1F003EE952 /* UKFileWatcher.h */ = {isa = PBXFileReference; fileEncoding = 4; lastKnownFileType = sourcecode.c.h; path = UKFileWatcher.h; sourceTree = "<group>"; };
		2C4CCB3C0EABBF1F003EE952 /* UKFileWatcher.m */ = {isa = PBXFileReference; fileEncoding = 4; lastKnownFileType = sourcecode.c.objc; path = UKFileWatcher.m; sourceTree = "<group>"; };
		2C4CCB3D0EABBF1F003EE952 /* UKFNSubscribeFileWatcher.h */ = {isa = PBXFileReference; fileEncoding = 4; lastKnownFileType = sourcecode.c.h; path = UKFNSubscribeFileWatcher.h; sourceTree = "<group>"; };
		2C4CCB3E0EABBF1F003EE952 /* UKFNSubscribeFileWatcher.m */ = {isa = PBXFileReference; fileEncoding = 4; lastKnownFileType = sourcecode.c.objc; path = UKFNSubscribeFileWatcher.m; sourceTree = "<group>"; };
		2C4CCB400EABBF1F003EE952 /* UKKQueue.h */ = {isa = PBXFileReference; fileEncoding = 4; lastKnownFileType = sourcecode.c.h; path = UKKQueue.h; sourceTree = "<group>"; };
		2C4CCB410EABBF1F003EE952 /* UKKQueue.m */ = {isa = PBXFileReference; fileEncoding = 4; lastKnownFileType = sourcecode.c.objc; path = UKKQueue.m; sourceTree = "<group>"; };
		2C4CCB420EABBF1F003EE952 /* UKMainThreadProxy.h */ = {isa = PBXFileReference; fileEncoding = 4; lastKnownFileType = sourcecode.c.h; path = UKMainThreadProxy.h; sourceTree = "<group>"; };
		2C4CCB430EABBF1F003EE952 /* UKMainThreadProxy.m */ = {isa = PBXFileReference; fileEncoding = 4; lastKnownFileType = sourcecode.c.objc; path = UKMainThreadProxy.m; sourceTree = "<group>"; };
		2C5582540F33D6A80011B31A /* MessageParser.h */ = {isa = PBXFileReference; fileEncoding = 4; lastKnownFileType = sourcecode.c.h; path = MessageParser.h; sourceTree = "<group>"; };
		2C5582550F33D6A80011B31A /* MessageParser.m */ = {isa = PBXFileReference; fileEncoding = 4; lastKnownFileType = sourcecode.c.objc; path = MessageParser.m; sourceTree = "<group>"; };
		2C5582560F33D6A80011B31A /* MessageModel.m */ = {isa = PBXFileReference; fileEncoding = 4; lastKnownFileType = sourcecode.c.objc; path = MessageModel.m; sourceTree = "<group>"; };
		2C5582570F33D6A80011B31A /* MessageModel.h */ = {isa = PBXFileReference; fileEncoding = 4; lastKnownFileType = sourcecode.c.h; path = MessageModel.h; sourceTree = "<group>"; };
		2C55825F0F33D6CE0011B31A /* ConnectionSignature.m */ = {isa = PBXFileReference; fileEncoding = 4; lastKnownFileType = sourcecode.c.objc; path = ConnectionSignature.m; sourceTree = "<group>"; };
		2C5582610F33D6CE0011B31A /* LogMessage.h */ = {isa = PBXFileReference; fileEncoding = 4; lastKnownFileType = sourcecode.c.h; path = LogMessage.h; sourceTree = "<group>"; };
		2C5582620F33D6CE0011B31A /* CommandMessage.m */ = {isa = PBXFileReference; fileEncoding = 4; lastKnownFileType = sourcecode.c.objc; path = CommandMessage.m; sourceTree = "<group>"; };
		2C5582630F33D6CE0011B31A /* StackTraceItem.m */ = {isa = PBXFileReference; fileEncoding = 4; lastKnownFileType = sourcecode.c.objc; path = StackTraceItem.m; sourceTree = "<group>"; };
		2C5582640F33D6CE0011B31A /* CommandMessage.h */ = {isa = PBXFileReference; fileEncoding = 4; lastKnownFileType = sourcecode.c.h; path = CommandMessage.h; sourceTree = "<group>"; };
		2C5582650F33D6CE0011B31A /* LogMessage.m */ = {isa = PBXFileReference; fileEncoding = 4; lastKnownFileType = sourcecode.c.objc; path = LogMessage.m; sourceTree = "<group>"; };
		2C5582680F33D6CE0011B31A /* ConnectionSignature.h */ = {isa = PBXFileReference; fileEncoding = 4; lastKnownFileType = sourcecode.c.h; path = ConnectionSignature.h; sourceTree = "<group>"; };
		2C5582690F33D6CE0011B31A /* StackTraceItem.h */ = {isa = PBXFileReference; fileEncoding = 4; lastKnownFileType = sourcecode.c.h; path = StackTraceItem.h; sourceTree = "<group>"; };
		2C5582730F33D75C0011B31A /* AbstractMessage.h */ = {isa = PBXFileReference; fileEncoding = 4; lastKnownFileType = sourcecode.c.h; path = AbstractMessage.h; sourceTree = "<group>"; };
		2C5582740F33D75C0011B31A /* AbstractMessage.m */ = {isa = PBXFileReference; fileEncoding = 4; lastKnownFileType = sourcecode.c.objc; path = AbstractMessage.m; sourceTree = "<group>"; };
		2C65AD9A0F32813E005D7A61 /* Tests.octest */ = {isa = PBXFileReference; explicitFileType = wrapper.cfbundle; includeInIndex = 0; path = Tests.octest; sourceTree = BUILT_PRODUCTS_DIR; };
		2C65AD9B0F32813E005D7A61 /* Tests-Info.plist */ = {isa = PBXFileReference; lastKnownFileType = text.plist.xml; path = "Tests-Info.plist"; sourceTree = "<group>"; };
		2C65ADAF0F328187005D7A61 /* MessageParserTest.h */ = {isa = PBXFileReference; fileEncoding = 4; lastKnownFileType = sourcecode.c.h; path = MessageParserTest.h; sourceTree = "<group>"; };
		2C65ADB00F328187005D7A61 /* MessageParserTest.m */ = {isa = PBXFileReference; fileEncoding = 4; lastKnownFileType = sourcecode.c.objc; path = MessageParserTest.m; sourceTree = "<group>"; };
		2C65ADB20F328187005D7A61 /* PredicateTest.h */ = {isa = PBXFileReference; fileEncoding = 4; lastKnownFileType = sourcecode.c.h; path = PredicateTest.h; sourceTree = "<group>"; };
		2C65ADB30F328187005D7A61 /* PredicateTest.m */ = {isa = PBXFileReference; fileEncoding = 4; lastKnownFileType = sourcecode.c.objc; path = PredicateTest.m; sourceTree = "<group>"; };
		2C65ADB40F328187005D7A61 /* predicatetest_data.xml */ = {isa = PBXFileReference; fileEncoding = 4; lastKnownFileType = text.xml; path = predicatetest_data.xml; sourceTree = "<group>"; };
		2C65ADB60F328187005D7A61 /* StackTraceParserTest.h */ = {isa = PBXFileReference; fileEncoding = 4; lastKnownFileType = sourcecode.c.h; path = StackTraceParserTest.h; sourceTree = "<group>"; };
		2C65ADB70F328187005D7A61 /* StackTraceParserTest.m */ = {isa = PBXFileReference; fileEncoding = 4; lastKnownFileType = sourcecode.c.objc; path = StackTraceParserTest.m; sourceTree = "<group>"; };
		2C65AE1B0F328A57005D7A61 /* LoggingViewController.m */ = {isa = PBXFileReference; fileEncoding = 4; lastKnownFileType = sourcecode.c.objc; path = LoggingViewController.m; sourceTree = "<group>"; };
		2C65AE1C0F328A57005D7A61 /* LoggingViewController.h */ = {isa = PBXFileReference; fileEncoding = 4; lastKnownFileType = sourcecode.c.h; path = LoggingViewController.h; sourceTree = "<group>"; };
		2C65AE350F328A90005D7A61 /* arrow_collapsed.gif */ = {isa = PBXFileReference; lastKnownFileType = image.gif; path = arrow_collapsed.gif; sourceTree = "<group>"; };
		2C65AE360F328A90005D7A61 /* arrow_expanded.gif */ = {isa = PBXFileReference; lastKnownFileType = image.gif; path = arrow_expanded.gif; sourceTree = "<group>"; };
		2C65AE370F328A90005D7A61 /* background.gif */ = {isa = PBXFileReference; lastKnownFileType = image.gif; path = background.gif; sourceTree = "<group>"; };
		2C65AE380F328A90005D7A61 /* functions.js */ = {isa = PBXFileReference; fileEncoding = 4; lastKnownFileType = sourcecode.javascript; path = functions.js; sourceTree = "<group>"; };
		2C65AE390F328A90005D7A61 /* output.css */ = {isa = PBXFileReference; fileEncoding = 4; lastKnownFileType = text.css; path = output.css; sourceTree = "<group>"; };
		2C65AE3A0F328A90005D7A61 /* theme.html */ = {isa = PBXFileReference; fileEncoding = 4; lastKnownFileType = text.html; path = theme.html; sourceTree = "<group>"; };
		2C8D2CC70EAD49090020E651 /* Constants.h */ = {isa = PBXFileReference; fileEncoding = 4; lastKnownFileType = sourcecode.c.h; path = Constants.h; sourceTree = "<group>"; };
		2CBFEF780F3E4F7400AA982D /* LPFilterController.h */ = {isa = PBXFileReference; fileEncoding = 4; lastKnownFileType = sourcecode.c.h; path = LPFilterController.h; sourceTree = "<group>"; };
		2CBFEF790F3E4F7400AA982D /* LPFilterController.m */ = {isa = PBXFileReference; fileEncoding = 4; lastKnownFileType = sourcecode.c.objc; path = LPFilterController.m; sourceTree = "<group>"; };
		2CBFEFAB0F3E562000AA982D /* ZZConstants.h */ = {isa = PBXFileReference; fileEncoding = 4; lastKnownFileType = sourcecode.c.h; name = ZZConstants.h; path = ../../Application/Classes/ZZConstants.h; sourceTree = SOURCE_ROOT; };
		2CBFEFB30F3E578200AA982D /* LPFilter.h */ = {isa = PBXFileReference; fileEncoding = 4; lastKnownFileType = sourcecode.c.h; path = LPFilter.h; sourceTree = "<group>"; };
		2CBFEFB40F3E578200AA982D /* LPFilter.m */ = {isa = PBXFileReference; fileEncoding = 4; lastKnownFileType = sourcecode.c.objc; path = LPFilter.m; sourceTree = "<group>"; };
		2CD18C840F3601C9005D0CCE /* LoggingClient.h */ = {isa = PBXFileReference; fileEncoding = 4; lastKnownFileType = sourcecode.c.h; path = LoggingClient.h; sourceTree = "<group>"; };
		2CD18C850F3601C9005D0CCE /* LoggingClient.m */ = {isa = PBXFileReference; fileEncoding = 4; lastKnownFileType = sourcecode.c.objc; path = LoggingClient.m; sourceTree = "<group>"; };
		32DBCF630370AF2F00C91783 /* Logger_Prefix.pch */ = {isa = PBXFileReference; fileEncoding = 4; lastKnownFileType = sourcecode.c.h; path = Logger_Prefix.pch; sourceTree = "<group>"; };
		49472F2E0F614C410049A188 /* FileMonitor.h */ = {isa = PBXFileReference; fileEncoding = 4; lastKnownFileType = sourcecode.c.h; path = FileMonitor.h; sourceTree = "<group>"; };
		49472F2F0F614C410049A188 /* FileMonitor.m */ = {isa = PBXFileReference; fileEncoding = 4; lastKnownFileType = sourcecode.c.objc; path = FileMonitor.m; sourceTree = "<group>"; };
		496AF0690F321D070049FB23 /* NSString+LPStringAdditions.h */ = {isa = PBXFileReference; fileEncoding = 4; lastKnownFileType = sourcecode.c.h; path = "NSString+LPStringAdditions.h"; sourceTree = "<group>"; };
		496AF06A0F321D070049FB23 /* NSString+LPStringAdditions.m */ = {isa = PBXFileReference; fileEncoding = 4; lastKnownFileType = sourcecode.c.objc; path = "NSString+LPStringAdditions.m"; sourceTree = "<group>"; };
		496AF12F0F333BD90049FB23 /* WebKit.framework */ = {isa = PBXFileReference; lastKnownFileType = wrapper.framework; name = WebKit.framework; path = ../../../../../Developer/SDKs/MacOSX10.5.sdk/System/Library/Frameworks/WebKit.framework; sourceTree = SOURCE_ROOT; };
		8D5B49B6048680CD000E48DA /* Logger.trazzlePlugin */ = {isa = PBXFileReference; explicitFileType = wrapper.cfbundle; includeInIndex = 0; path = Logger.trazzlePlugin; sourceTree = BUILT_PRODUCTS_DIR; };
		8D5B49B7048680CD000E48DA /* Info.plist */ = {isa = PBXFileReference; fileEncoding = 4; lastKnownFileType = text.plist.xml; path = Info.plist; sourceTree = "<group>"; };
		D2F7E65807B2D6F200F64583 /* CoreData.framework */ = {isa = PBXFileReference; lastKnownFileType = wrapper.framework; name = CoreData.framework; path = /System/Library/Frameworks/CoreData.framework; sourceTree = "<absolute>"; };
/* End PBXFileReference section */

/* Begin PBXFrameworksBuildPhase section */
		2C65AD970F32813E005D7A61 /* Frameworks */ = {
			isa = PBXFrameworksBuildPhase;
			buildActionMask = 2147483647;
			files = (
			);
			runOnlyForDeploymentPostprocessing = 0;
		};
		8D5B49B3048680CD000E48DA /* Frameworks */ = {
			isa = PBXFrameworksBuildPhase;
			buildActionMask = 2147483647;
			files = (
				8D5B49B4048680CD000E48DA /* Cocoa.framework in Frameworks */,
				496AF1300F333BD90049FB23 /* WebKit.framework in Frameworks */,
			);
			runOnlyForDeploymentPostprocessing = 0;
		};
/* End PBXFrameworksBuildPhase section */

/* Begin PBXGroup section */
		089C166AFE841209C02AAC07 /* Logger */ = {
			isa = PBXGroup;
			children = (
				08FB77AFFE84173DC02AAC07 /* Classes */,
				2C65ADAD0F328187005D7A61 /* Tests */,
				2C4CCA8A0EABA3C9003EE952 /* Libraries */,
				32C88E010371C26100C91783 /* Other Sources */,
				089C167CFE841241C02AAC07 /* Resources */,
				089C1671FE841209C02AAC07 /* Frameworks and Libraries */,
				19C28FB8FE9D52D311CA2CBB /* Products */,
				2C65AD9B0F32813E005D7A61 /* Tests-Info.plist */,
			);
			name = Logger;
			sourceTree = "<group>";
		};
		089C1671FE841209C02AAC07 /* Frameworks and Libraries */ = {
			isa = PBXGroup;
			children = (
				1058C7ACFEA557BF11CA2CBB /* Linked Frameworks */,
				1058C7AEFEA557BF11CA2CBB /* Other Frameworks */,
			);
			name = "Frameworks and Libraries";
			sourceTree = "<group>";
		};
		089C167CFE841241C02AAC07 /* Resources */ = {
			isa = PBXGroup;
			children = (
				2C4CCAE90EABB42B003EE952 /* Xibs */,
				2C4CCAEB0EABB42B003EE952 /* Images */,
				2C65AE340F328A90005D7A61 /* Theme */,
				8D5B49B7048680CD000E48DA /* Info.plist */,
				089C167DFE841241C02AAC07 /* InfoPlist.strings */,
			);
			path = Resources;
			sourceTree = "<group>";
		};
		08FB77AFFE84173DC02AAC07 /* Classes */ = {
			isa = PBXGroup;
			children = (
				2CBFEFAB0F3E562000AA982D /* ZZConstants.h */,
				2C8D2CC70EAD49090020E651 /* Constants.h */,
				2C4CCA940EABA5FC003EE952 /* LoggerPlugin.h */,
				2C4CCA950EABA5FC003EE952 /* LoggerPlugin.m */,
				2C5582540F33D6A80011B31A /* MessageParser.h */,
				2C5582550F33D6A80011B31A /* MessageParser.m */,
				2C5582570F33D6A80011B31A /* MessageModel.h */,
				2C5582560F33D6A80011B31A /* MessageModel.m */,
				2CD18C840F3601C9005D0CCE /* LoggingClient.h */,
				2CD18C850F3601C9005D0CCE /* LoggingClient.m */,
				2C65AE1C0F328A57005D7A61 /* LoggingViewController.h */,
				2C65AE1B0F328A57005D7A61 /* LoggingViewController.m */,
				49472F310F614C450049A188 /* utils */,
				2C55825A0F33D6AD0011B31A /* messages */,
				496AF0680F321CC90049FB23 /* categories */,
				2CBFEF770F3E4F6200AA982D /* filters */,
			);
			path = Classes;
			sourceTree = "<group>";
		};
		1058C7ACFEA557BF11CA2CBB /* Linked Frameworks */ = {
			isa = PBXGroup;
			children = (
				496AF12F0F333BD90049FB23 /* WebKit.framework */,
				1058C7ADFEA557BF11CA2CBB /* Cocoa.framework */,
			);
			name = "Linked Frameworks";
			sourceTree = "<group>";
		};
		1058C7AEFEA557BF11CA2CBB /* Other Frameworks */ = {
			isa = PBXGroup;
			children = (
				089C167FFE841241C02AAC07 /* AppKit.framework */,
				D2F7E65807B2D6F200F64583 /* CoreData.framework */,
				089C1672FE841209C02AAC07 /* Foundation.framework */,
			);
			name = "Other Frameworks";
			sourceTree = "<group>";
		};
		19C28FB8FE9D52D311CA2CBB /* Products */ = {
			isa = PBXGroup;
			children = (
				8D5B49B6048680CD000E48DA /* Logger.trazzlePlugin */,
				2C65AD9A0F32813E005D7A61 /* Tests.octest */,
			);
			name = Products;
			sourceTree = "<group>";
		};
		2C0421A80F3E625900726781 /* NSMUtils */ = {
			isa = PBXGroup;
			children = (
				2C04220D0F3E72D200726781 /* RSVerticallyCenteredTextFieldCell.h */,
				2C04220E0F3E72D200726781 /* RSVerticallyCenteredTextFieldCell.m */,
				2C0421AC0F3E655300726781 /* NSMMenuController.h */,
				2C0421AD0F3E655300726781 /* NSMMenuController.m */,
			);
			path = NSMUtils;
			sourceTree = "<group>";
		};
		2C19E0B00EBE7C5200B9BA96 /* MGScopeBar */ = {
			isa = PBXGroup;
			children = (
				2C19E0B10EBE7C5200B9BA96 /* MGRecessedPopUpButtonCell.h */,
				2C19E0B20EBE7C5200B9BA96 /* MGRecessedPopUpButtonCell.m */,
				2C19E0B30EBE7C5200B9BA96 /* MGScopeBar.h */,
				2C19E0B40EBE7C5200B9BA96 /* MGScopeBar.m */,
				2C19E0B50EBE7C5200B9BA96 /* MGScopeBarDelegateProtocol.h */,
			);
			path = MGScopeBar;
			sourceTree = "<group>";
		};
		2C4CCA8A0EABA3C9003EE952 /* Libraries */ = {
			isa = PBXGroup;
			children = (
				2C0421A80F3E625900726781 /* NSMUtils */,
				2C19E0B00EBE7C5200B9BA96 /* MGScopeBar */,
				2C4CCA8B0EABA3C9003EE952 /* AsyncSocket */,
				2C4CCB3A0EABBF1F003EE952 /* UKKQueue */,
			);
			path = Libraries;
			sourceTree = "<group>";
		};
		2C4CCA8B0EABA3C9003EE952 /* AsyncSocket */ = {
			isa = PBXGroup;
			children = (
				2C4CCA8D0EABA3C9003EE952 /* AsyncSocket.h */,
				2C4CCA8E0EABA3C9003EE952 /* AsyncSocket.m */,
			);
			path = AsyncSocket;
			sourceTree = "<group>";
		};
		2C4CCAE90EABB42B003EE952 /* Xibs */ = {
			isa = PBXGroup;
			children = (
				2C4CCAFC0EABB501003EE952 /* LogWindow.xib */,
				2C4CCAEA0EABB42B003EE952 /* FilterEditor.xib */,
			);
			path = Xibs;
			sourceTree = "<group>";
		};
		2C4CCAEB0EABB42B003EE952 /* Images */ = {
			isa = PBXGroup;
			children = (
				2C4CCAEC0EABB42B003EE952 /* ButtonBackground.png */,
				2C4CCAED0EABB42B003EE952 /* ButtonBackgroundRightCap.png */,
				2C4CCAF70EABB463003EE952 /* DuplicateIcon.png */,
				2C4CCAEE0EABB42B003EE952 /* led_off.png */,
				2C4CCAEF0EABB42B003EE952 /* led_on.png */,
			);
			path = Images;
			sourceTree = "<group>";
		};
		2C4CCB3A0EABBF1F003EE952 /* UKKQueue */ = {
			isa = PBXGroup;
			children = (
				2C4CCB3B0EABBF1F003EE952 /* UKFileWatcher.h */,
				2C4CCB3C0EABBF1F003EE952 /* UKFileWatcher.m */,
				2C4CCB3D0EABBF1F003EE952 /* UKFNSubscribeFileWatcher.h */,
				2C4CCB3E0EABBF1F003EE952 /* UKFNSubscribeFileWatcher.m */,
				2C4CCB400EABBF1F003EE952 /* UKKQueue.h */,
				2C4CCB410EABBF1F003EE952 /* UKKQueue.m */,
				2C4CCB420EABBF1F003EE952 /* UKMainThreadProxy.h */,
				2C4CCB430EABBF1F003EE952 /* UKMainThreadProxy.m */,
			);
			path = UKKQueue;
			sourceTree = "<group>";
		};
		2C55825A0F33D6AD0011B31A /* messages */ = {
			isa = PBXGroup;
			children = (
				2C5582730F33D75C0011B31A /* AbstractMessage.h */,
				2C5582740F33D75C0011B31A /* AbstractMessage.m */,
				2C5582680F33D6CE0011B31A /* ConnectionSignature.h */,
				2C55825F0F33D6CE0011B31A /* ConnectionSignature.m */,
				2C5582610F33D6CE0011B31A /* LogMessage.h */,
				2C5582650F33D6CE0011B31A /* LogMessage.m */,
				2C5582690F33D6CE0011B31A /* StackTraceItem.h */,
				2C5582630F33D6CE0011B31A /* StackTraceItem.m */,
				2C5582640F33D6CE0011B31A /* CommandMessage.h */,
				2C5582620F33D6CE0011B31A /* CommandMessage.m */,
			);
			name = messages;
			sourceTree = "<group>";
		};
		2C65ADAD0F328187005D7A61 /* Tests */ = {
			isa = PBXGroup;
			children = (
				2C65ADAE0F328187005D7A61 /* MessageParserTest */,
				2C65ADB10F328187005D7A61 /* PredicateTest */,
				2C65ADB50F328187005D7A61 /* StacktraceParserTest */,
			);
			path = Tests;
			sourceTree = "<group>";
		};
		2C65ADAE0F328187005D7A61 /* MessageParserTest */ = {
			isa = PBXGroup;
			children = (
				2C65ADAF0F328187005D7A61 /* MessageParserTest.h */,
				2C65ADB00F328187005D7A61 /* MessageParserTest.m */,
			);
			path = MessageParserTest;
			sourceTree = "<group>";
		};
		2C65ADB10F328187005D7A61 /* PredicateTest */ = {
			isa = PBXGroup;
			children = (
				2C65ADB20F328187005D7A61 /* PredicateTest.h */,
				2C65ADB30F328187005D7A61 /* PredicateTest.m */,
				2C65ADB40F328187005D7A61 /* predicatetest_data.xml */,
			);
			path = PredicateTest;
			sourceTree = "<group>";
		};
		2C65ADB50F328187005D7A61 /* StacktraceParserTest */ = {
			isa = PBXGroup;
			children = (
				2C65ADB60F328187005D7A61 /* StackTraceParserTest.h */,
				2C65ADB70F328187005D7A61 /* StackTraceParserTest.m */,
			);
			path = StacktraceParserTest;
			sourceTree = "<group>";
		};
		2C65AE340F328A90005D7A61 /* Theme */ = {
			isa = PBXGroup;
			children = (
				2C65AE350F328A90005D7A61 /* arrow_collapsed.gif */,
				2C65AE360F328A90005D7A61 /* arrow_expanded.gif */,
				2C65AE370F328A90005D7A61 /* background.gif */,
				2C65AE380F328A90005D7A61 /* functions.js */,
				2C65AE390F328A90005D7A61 /* output.css */,
				2C65AE3A0F328A90005D7A61 /* theme.html */,
			);
			path = Theme;
			sourceTree = "<group>";
		};
		2CBFEF770F3E4F6200AA982D /* filters */ = {
			isa = PBXGroup;
			children = (
				2CBFEFB30F3E578200AA982D /* LPFilter.h */,
				2CBFEFB40F3E578200AA982D /* LPFilter.m */,
				2CBFEF780F3E4F7400AA982D /* LPFilterController.h */,
				2CBFEF790F3E4F7400AA982D /* LPFilterController.m */,
				2C0422070F3E72B700726781 /* NumericPredicateTemplate.h */,
				2C0422080F3E72B700726781 /* NumericPredicateTemplate.m */,
				2C04220B0F3E72C400726781 /* PredicateEditorDarkBackground.h */,
				2C04220A0F3E72C400726781 /* PredicateEditorDarkBackground.m */,
				2C159B320F3EF67A00321454 /* SelectedFilterToIconTransformer.h */,
				2C159B330F3EF67A00321454 /* SelectedFilterToIconTransformer.m */,
			);
			name = filters;
			sourceTree = "<group>";
		};
		32C88E010371C26100C91783 /* Other Sources */ = {
			isa = PBXGroup;
			children = (
				32DBCF630370AF2F00C91783 /* Logger_Prefix.pch */,
			);
			name = "Other Sources";
			sourceTree = "<group>";
		};
		49472F310F614C450049A188 /* utils */ = {
			isa = PBXGroup;
			children = (
				49472F2E0F614C410049A188 /* FileMonitor.h */,
				49472F2F0F614C410049A188 /* FileMonitor.m */,
			);
			name = utils;
			sourceTree = "<group>";
		};
		496AF0680F321CC90049FB23 /* categories */ = {
			isa = PBXGroup;
			children = (
				496AF0690F321D070049FB23 /* NSString+LPStringAdditions.h */,
				496AF06A0F321D070049FB23 /* NSString+LPStringAdditions.m */,
			);
			name = categories;
			sourceTree = "<group>";
		};
/* End PBXGroup section */

/* Begin PBXNativeTarget section */
		2C65AD990F32813E005D7A61 /* Tests */ = {
			isa = PBXNativeTarget;
			buildConfigurationList = 2C65ADA10F32813F005D7A61 /* Build configuration list for PBXNativeTarget "Tests" */;
			buildPhases = (
				2C65AD950F32813E005D7A61 /* Resources */,
				2C65AD960F32813E005D7A61 /* Sources */,
				2C65AD970F32813E005D7A61 /* Frameworks */,
				2C65AD980F32813E005D7A61 /* ShellScript */,
			);
			buildRules = (
			);
			dependencies = (
			);
			name = Tests;
			productName = Tests;
			productReference = 2C65AD9A0F32813E005D7A61 /* Tests.octest */;
			productType = "com.apple.product-type.bundle";
		};
		8D5B49AC048680CD000E48DA /* Logger */ = {
			isa = PBXNativeTarget;
			buildConfigurationList = 1DEB913A08733D840010E9CD /* Build configuration list for PBXNativeTarget "Logger" */;
			buildPhases = (
				8D5B49AF048680CD000E48DA /* Resources */,
				8D5B49B1048680CD000E48DA /* Sources */,
				8D5B49B3048680CD000E48DA /* Frameworks */,
			);
			buildRules = (
			);
			dependencies = (
			);
			name = Logger;
			productInstallPath = "$(HOME)/Library/Bundles";
			productName = Logger;
			productReference = 8D5B49B6048680CD000E48DA /* Logger.trazzlePlugin */;
			productType = "com.apple.product-type.bundle";
		};
/* End PBXNativeTarget section */

/* Begin PBXProject section */
		089C1669FE841209C02AAC07 /* Project object */ = {
			isa = PBXProject;
			buildConfigurationList = 1DEB913E08733D840010E9CD /* Build configuration list for PBXProject "Logger" */;
			compatibilityVersion = "Xcode 3.1";
			hasScannedForEncodings = 1;
			mainGroup = 089C166AFE841209C02AAC07 /* Logger */;
			projectDirPath = "";
			projectRoot = "";
			targets = (
				8D5B49AC048680CD000E48DA /* Logger */,
				2C65AD990F32813E005D7A61 /* Tests */,
			);
		};
/* End PBXProject section */

/* Begin PBXResourcesBuildPhase section */
		2C65AD950F32813E005D7A61 /* Resources */ = {
			isa = PBXResourcesBuildPhase;
			buildActionMask = 2147483647;
			files = (
			);
			runOnlyForDeploymentPostprocessing = 0;
		};
		8D5B49AF048680CD000E48DA /* Resources */ = {
			isa = PBXResourcesBuildPhase;
			buildActionMask = 2147483647;
			files = (
				8D5B49B0048680CD000E48DA /* InfoPlist.strings in Resources */,
				2C4CCAF10EABB42B003EE952 /* ButtonBackground.png in Resources */,
				2C4CCAF20EABB42B003EE952 /* ButtonBackgroundRightCap.png in Resources */,
				2C4CCAF30EABB42B003EE952 /* led_off.png in Resources */,
				2C4CCAF40EABB42B003EE952 /* led_on.png in Resources */,
				2C4CCAF80EABB463003EE952 /* DuplicateIcon.png in Resources */,
				2C65AE3B0F328A90005D7A61 /* arrow_collapsed.gif in Resources */,
				2C65AE3C0F328A90005D7A61 /* arrow_expanded.gif in Resources */,
				2C65AE3D0F328A90005D7A61 /* background.gif in Resources */,
				2C65AE3F0F328A90005D7A61 /* output.css in Resources */,
				2C65AE400F328A90005D7A61 /* theme.html in Resources */,
				496AF19A0F3353870049FB23 /* functions.js in Resources */,
				2C65AE7C0F328C26005D7A61 /* LogWindow.xib in Resources */,
				2C65AE7D0F328C2A005D7A61 /* FilterEditor.xib in Resources */,
			);
			runOnlyForDeploymentPostprocessing = 0;
		};
/* End PBXResourcesBuildPhase section */

/* Begin PBXShellScriptBuildPhase section */
		2C65AD980F32813E005D7A61 /* ShellScript */ = {
			isa = PBXShellScriptBuildPhase;
			buildActionMask = 2147483647;
			files = (
			);
			inputPaths = (
			);
			outputPaths = (
			);
			runOnlyForDeploymentPostprocessing = 0;
			shellPath = /bin/sh;
			shellScript = "# Run the unit tests in this test bundle.\n\"${SYSTEM_DEVELOPER_DIR}/Tools/RunUnitTests\"\n";
		};
/* End PBXShellScriptBuildPhase section */

/* Begin PBXSourcesBuildPhase section */
		2C65AD960F32813E005D7A61 /* Sources */ = {
			isa = PBXSourcesBuildPhase;
			buildActionMask = 2147483647;
			files = (
				2C65ADB80F328187005D7A61 /* MessageParserTest.m in Sources */,
				2C65ADBB0F328187005D7A61 /* StackTraceParserTest.m in Sources */,
				2C65ADCF0F328222005D7A61 /* NSString+LPStringAdditions.m in Sources */,
			);
			runOnlyForDeploymentPostprocessing = 0;
		};
		8D5B49B1048680CD000E48DA /* Sources */ = {
			isa = PBXSourcesBuildPhase;
			buildActionMask = 2147483647;
			files = (
				2C4CCA900EABA3C9003EE952 /* AsyncSocket.m in Sources */,
				2C4CCA960EABA5FC003EE952 /* LoggerPlugin.m in Sources */,
				2C4CCB440EABBF1F003EE952 /* UKFileWatcher.m in Sources */,
				2C4CCB450EABBF1F003EE952 /* UKFNSubscribeFileWatcher.m in Sources */,
				2C4CCB470EABBF1F003EE952 /* UKKQueue.m in Sources */,
				2C4CCB480EABBF1F003EE952 /* UKMainThreadProxy.m in Sources */,
				2C19E0B60EBE7C5200B9BA96 /* MGRecessedPopUpButtonCell.m in Sources */,
				2C19E0B70EBE7C5200B9BA96 /* MGScopeBar.m in Sources */,
				496AF06B0F321D070049FB23 /* NSString+LPStringAdditions.m in Sources */,
				2C65AE1D0F328A57005D7A61 /* LoggingViewController.m in Sources */,
				2C5582580F33D6A80011B31A /* MessageParser.m in Sources */,
				2C5582590F33D6A80011B31A /* MessageModel.m in Sources */,
				2C55826C0F33D6CE0011B31A /* ConnectionSignature.m in Sources */,
				2C55826D0F33D6CE0011B31A /* CommandMessage.m in Sources */,
				2C55826E0F33D6CE0011B31A /* StackTraceItem.m in Sources */,
				2C55826F0F33D6CE0011B31A /* LogMessage.m in Sources */,
				2C5582750F33D75C0011B31A /* AbstractMessage.m in Sources */,
				2CD18C860F3601C9005D0CCE /* LoggingClient.m in Sources */,
				2CBFEF7A0F3E4F7400AA982D /* LPFilterController.m in Sources */,
				2CBFEFB50F3E578200AA982D /* LPFilter.m in Sources */,
				2C0421AE0F3E655300726781 /* NSMMenuController.m in Sources */,
				2C0422090F3E72B700726781 /* NumericPredicateTemplate.m in Sources */,
				2C04220C0F3E72C400726781 /* PredicateEditorDarkBackground.m in Sources */,
				2C04220F0F3E72D200726781 /* RSVerticallyCenteredTextFieldCell.m in Sources */,
				2C159B340F3EF67A00321454 /* SelectedFilterToIconTransformer.m in Sources */,
				49472F300F614C410049A188 /* FileMonitor.m in Sources */,
			);
			runOnlyForDeploymentPostprocessing = 0;
		};
/* End PBXSourcesBuildPhase section */

/* Begin PBXVariantGroup section */
		089C167DFE841241C02AAC07 /* InfoPlist.strings */ = {
			isa = PBXVariantGroup;
			children = (
				089C167EFE841241C02AAC07 /* English */,
			);
			name = InfoPlist.strings;
			sourceTree = "<group>";
		};
/* End PBXVariantGroup section */

/* Begin XCBuildConfiguration section */
		1DEB913B08733D840010E9CD /* Debug */ = {
			isa = XCBuildConfiguration;
			buildSettings = {
				ALWAYS_SEARCH_USER_PATHS = NO;
				COPY_PHASE_STRIP = NO;
				FRAMEWORK_SEARCH_PATHS = (
					"$(inherited)",
					"\"$(SRCROOT)/../../project/Subway/build/Release\"",
					"\"$(SRCROOT)/../../Application/Frameworks\"",
				);
				GCC_DYNAMIC_NO_PIC = NO;
				GCC_ENABLE_FIX_AND_CONTINUE = YES;
				GCC_MODEL_TUNING = G5;
				GCC_OPTIMIZATION_LEVEL = 0;
				GCC_PRECOMPILE_PREFIX_HEADER = YES;
				GCC_PREFIX_HEADER = Logger_Prefix.pch;
				INFOPLIST_FILE = Resources/Info.plist;
				INSTALL_PATH = "$(HOME)/Library/Bundles";
				PRODUCT_NAME = Logger;
				WRAPPER_EXTENSION = trazzlePlugin;
			};
			name = Debug;
		};
		1DEB913C08733D840010E9CD /* Release */ = {
			isa = XCBuildConfiguration;
			buildSettings = {
				ALWAYS_SEARCH_USER_PATHS = NO;
				DEBUG_INFORMATION_FORMAT = "dwarf-with-dsym";
				FRAMEWORK_SEARCH_PATHS = (
					"$(inherited)",
					"\"$(SRCROOT)/../../project/Subway/build/Release\"",
					"\"$(SRCROOT)/../../Application/Frameworks\"",
				);
				GCC_MODEL_TUNING = G5;
				GCC_PRECOMPILE_PREFIX_HEADER = YES;
				GCC_PREFIX_HEADER = Logger_Prefix.pch;
				INFOPLIST_FILE = Resources/Info.plist;
				INSTALL_PATH = "$(HOME)/Library/Bundles";
				PRODUCT_NAME = Logger;
				WRAPPER_EXTENSION = trazzlePlugin;
			};
			name = Release;
		};
		1DEB913F08733D840010E9CD /* Debug */ = {
			isa = XCBuildConfiguration;
			buildSettings = {
				ARCHS = "$(ARCHS_STANDARD_32_BIT)";
				GCC_C_LANGUAGE_STANDARD = c99;
				GCC_OPTIMIZATION_LEVEL = 0;
				GCC_WARN_ABOUT_RETURN_TYPE = YES;
				GCC_WARN_UNUSED_VARIABLE = YES;
				HEADER_SEARCH_PATHS = ../../Application/Classes;
				ONLY_ACTIVE_ARCH = YES;
				PREBINDING = NO;
				SDKROOT = macosx10.5;
			};
			name = Debug;
		};
		1DEB914008733D840010E9CD /* Release */ = {
			isa = XCBuildConfiguration;
			buildSettings = {
				ARCHS = "$(ARCHS_STANDARD_32_BIT)";
				GCC_C_LANGUAGE_STANDARD = c99;
				GCC_WARN_ABOUT_RETURN_TYPE = YES;
				GCC_WARN_UNUSED_VARIABLE = YES;
				HEADER_SEARCH_PATHS = ../../Application/Classes;
				PREBINDING = NO;
				SDKROOT = macosx10.5;
			};
			name = Release;
		};
		2C65AD9F0F32813F005D7A61 /* Debug */ = {
			isa = XCBuildConfiguration;
			buildSettings = {
				ALWAYS_SEARCH_USER_PATHS = NO;
				COPY_PHASE_STRIP = NO;
				FRAMEWORK_SEARCH_PATHS = "$(DEVELOPER_LIBRARY_DIR)/Frameworks";
				GCC_DYNAMIC_NO_PIC = NO;
				GCC_ENABLE_FIX_AND_CONTINUE = NO;
				GCC_ENABLE_OBJC_EXCEPTIONS = YES;
				GCC_MODEL_TUNING = G5;
				GCC_OPTIMIZATION_LEVEL = 0;
				GCC_PRECOMPILE_PREFIX_HEADER = YES;
				GCC_PREFIX_HEADER = "$(SYSTEM_LIBRARY_DIR)/Frameworks/Cocoa.framework/Headers/Cocoa.h";
				INFOPLIST_FILE = "Tests-Info.plist";
				INSTALL_PATH = "$(USER_LIBRARY_DIR)/Bundles";
				OTHER_LDFLAGS = (
					"-framework",
					Cocoa,
					"-framework",
					SenTestingKit,
				);
				PREBINDING = NO;
				PRODUCT_NAME = Tests;
				WRAPPER_EXTENSION = octest;
			};
			name = Debug;
		};
		2C65ADA00F32813F005D7A61 /* Release */ = {
			isa = XCBuildConfiguration;
			buildSettings = {
				ALWAYS_SEARCH_USER_PATHS = NO;
				COPY_PHASE_STRIP = YES;
				DEBUG_INFORMATION_FORMAT = "dwarf-with-dsym";
				FRAMEWORK_SEARCH_PATHS = "$(DEVELOPER_LIBRARY_DIR)/Frameworks";
				GCC_ENABLE_FIX_AND_CONTINUE = NO;
				GCC_ENABLE_OBJC_EXCEPTIONS = YES;
				GCC_MODEL_TUNING = G5;
				GCC_PRECOMPILE_PREFIX_HEADER = YES;
				GCC_PREFIX_HEADER = "$(SYSTEM_LIBRARY_DIR)/Frameworks/Cocoa.framework/Headers/Cocoa.h";
				INFOPLIST_FILE = "Tests-Info.plist";
				INSTALL_PATH = "$(USER_LIBRARY_DIR)/Bundles";
				OTHER_LDFLAGS = (
					"-framework",
					Cocoa,
					"-framework",
					SenTestingKit,
				);
				PREBINDING = NO;
				PRODUCT_NAME = Tests;
				WRAPPER_EXTENSION = octest;
				ZERO_LINK = NO;
			};
			name = Release;
		};
/* End XCBuildConfiguration section */

/* Begin XCConfigurationList section */
		1DEB913A08733D840010E9CD /* Build configuration list for PBXNativeTarget "Logger" */ = {
			isa = XCConfigurationList;
			buildConfigurations = (
				1DEB913B08733D840010E9CD /* Debug */,
				1DEB913C08733D840010E9CD /* Release */,
			);
			defaultConfigurationIsVisible = 0;
			defaultConfigurationName = Release;
		};
		1DEB913E08733D840010E9CD /* Build configuration list for PBXProject "Logger" */ = {
			isa = XCConfigurationList;
			buildConfigurations = (
				1DEB913F08733D840010E9CD /* Debug */,
				1DEB914008733D840010E9CD /* Release */,
			);
			defaultConfigurationIsVisible = 0;
			defaultConfigurationName = Release;
		};
		2C65ADA10F32813F005D7A61 /* Build configuration list for PBXNativeTarget "Tests" */ = {
			isa = XCConfigurationList;
			buildConfigurations = (
				2C65AD9F0F32813F005D7A61 /* Debug */,
				2C65ADA00F32813F005D7A61 /* Release */,
			);
			defaultConfigurationIsVisible = 0;
			defaultConfigurationName = Release;
		};
/* End XCConfigurationList section */
	};
	rootObject = 089C1669FE841209C02AAC07 /* Project object */;
}
