// !$*UTF8*$!
{
	archiveVersion = 1;
	classes = {
	};
	objectVersion = 44;
	objects = {

/* Begin PBXBuildFile section */
		2C0D6205105EA9B10024BC52 /* BWToolkitFramework.framework in Frameworks */ = {isa = PBXBuildFile; fileRef = 2C0D6204105EA9B10024BC52 /* BWToolkitFramework.framework */; };
		2C0D620E105EAAF10024BC52 /* BWToolkitFramework.framework in CopyFiles */ = {isa = PBXBuildFile; fileRef = 2C0D6204105EA9B10024BC52 /* BWToolkitFramework.framework */; };
		2C10A89A1074E26700EAED60 /* UpdatePreferences.xib in Resources */ = {isa = PBXBuildFile; fileRef = 2C10A8991074E26700EAED60 /* UpdatePreferences.xib */; };
		2C10A89E1074E31E00EAED60 /* ZZUpdatePreferencesViewController.m in Sources */ = {isa = PBXBuildFile; fileRef = 2C10A89D1074E31E00EAED60 /* ZZUpdatePreferencesViewController.m */; };
		2C10A8C51074EC7800EAED60 /* NSDate+AAAdditions.m in Sources */ = {isa = PBXBuildFile; fileRef = 2C10A8C41074EC7800EAED60 /* NSDate+AAAdditions.m */; };
		2C10A98F1075453E00EAED60 /* FeedbackReporter.framework in Frameworks */ = {isa = PBXBuildFile; fileRef = 2C10A98E1075453E00EAED60 /* FeedbackReporter.framework */; };
		2C10A998107545F800EAED60 /* FeedbackReporter.framework in CopyFiles */ = {isa = PBXBuildFile; fileRef = 2C10A98E1075453E00EAED60 /* FeedbackReporter.framework */; };
		2C19E0610EBE752F00B9BA96 /* ZZWindowController.m in Sources */ = {isa = PBXBuildFile; fileRef = 2C19E0600EBE752F00B9BA96 /* ZZWindowController.m */; };
		2C19E0660EBE75C100B9BA96 /* MainWindow.xib in Resources */ = {isa = PBXBuildFile; fileRef = 2C19E0650EBE75C100B9BA96 /* MainWindow.xib */; };
		2C1A2B380D294BB600418DB7 /* reload.tiff in Resources */ = {isa = PBXBuildFile; fileRef = 2C1A2B370D294BB600418DB7 /* reload.tiff */; };
		2C1D6DC70F34F82F00EA8975 /* statusbar_icon.png in Resources */ = {isa = PBXBuildFile; fileRef = 2C1D6DC60F34F82F00EA8975 /* statusbar_icon.png */; };
		2C1D6DDE0F34FA4000EA8975 /* statusbar_icon_alternate.png in Resources */ = {isa = PBXBuildFile; fileRef = 2C1D6DDD0F34FA4000EA8975 /* statusbar_icon_alternate.png */; };
		2C1F223C0FF57C730035F2DE /* ZZApplication.m in Sources */ = {isa = PBXBuildFile; fileRef = 2C1F223B0FF57C730035F2DE /* ZZApplication.m */; };
		2C2EC3A00ECE303F005785E2 /* PlugInController.m in Sources */ = {isa = PBXBuildFile; fileRef = 2C2EC39F0ECE303F005785E2 /* PlugInController.m */; };
		2C54D7FD0F3A068200264CC9 /* tabbar_activetab_right.png in Resources */ = {isa = PBXBuildFile; fileRef = 2C54D7FA0F3A068200264CC9 /* tabbar_activetab_right.png */; };
		2C54D7FE0F3A068200264CC9 /* tabbar_activetab_middle.png in Resources */ = {isa = PBXBuildFile; fileRef = 2C54D7FB0F3A068200264CC9 /* tabbar_activetab_middle.png */; };
		2C54D7FF0F3A068200264CC9 /* tabbar_activetab_left.png in Resources */ = {isa = PBXBuildFile; fileRef = 2C54D7FC0F3A068200264CC9 /* tabbar_activetab_left.png */; };
		2C65AC8D0F3251C7005D7A61 /* Logger.trazzlePlugin in CopyFiles */ = {isa = PBXBuildFile; fileRef = 496AF0A10F321FDB0049FB23 /* Logger.trazzlePlugin */; };
		2C6920511072C1CC00D20740 /* AAPreferencesWindowController.m in Sources */ = {isa = PBXBuildFile; fileRef = 2C6920501072C1CC00D20740 /* AAPreferencesWindowController.m */; };
		2C7D43F61077920D00EB4725 /* FRFeedbackReporter.sh in Resources */ = {isa = PBXBuildFile; fileRef = 2C7D43F51077920D00EB4725 /* FRFeedbackReporter.sh */; };
		2C8C05E5105B1729002C246F /* AMF.m in Sources */ = {isa = PBXBuildFile; fileRef = 2C8C05CA105B1729002C246F /* AMF.m */; };
		2C8C05E6105B1729002C246F /* AMFActionMessage.m in Sources */ = {isa = PBXBuildFile; fileRef = 2C8C05CC105B1729002C246F /* AMFActionMessage.m */; };
		2C8C05E7105B1729002C246F /* AMFArchiver.m in Sources */ = {isa = PBXBuildFile; fileRef = 2C8C05CE105B1729002C246F /* AMFArchiver.m */; };
		2C8C05E8105B1729002C246F /* AMFDebugUnarchiver.m in Sources */ = {isa = PBXBuildFile; fileRef = 2C8C05D0105B1729002C246F /* AMFDebugUnarchiver.m */; };
		2C8C05E9105B1729002C246F /* AMFDuplexGateway.m in Sources */ = {isa = PBXBuildFile; fileRef = 2C8C05D2105B1729002C246F /* AMFDuplexGateway.m */; };
		2C8C05EA105B1729002C246F /* AMFGateway.m in Sources */ = {isa = PBXBuildFile; fileRef = 2C8C05D4105B1729002C246F /* AMFGateway.m */; };
		2C8C05EB105B1729002C246F /* AMFRemotingCall.m in Sources */ = {isa = PBXBuildFile; fileRef = 2C8C05D6105B1729002C246F /* AMFRemotingCall.m */; };
		2C8C05EC105B1729002C246F /* AMFUnarchiver.m in Sources */ = {isa = PBXBuildFile; fileRef = 2C8C05D8105B1729002C246F /* AMFUnarchiver.m */; };
		2C8C05ED105B1729002C246F /* ASObject.m in Sources */ = {isa = PBXBuildFile; fileRef = 2C8C05DA105B1729002C246F /* ASObject.m */; };
		2C8C05EE105B1729002C246F /* FlexDataTypes.m in Sources */ = {isa = PBXBuildFile; fileRef = 2C8C05DC105B1729002C246F /* FlexDataTypes.m */; };
		2C8C05EF105B1729002C246F /* NSInvocation-AMFExtensions.m in Sources */ = {isa = PBXBuildFile; fileRef = 2C8C05DE105B1729002C246F /* NSInvocation-AMFExtensions.m */; };
		2C8C05F0105B1729002C246F /* NSObject-AMFExtensions.m in Sources */ = {isa = PBXBuildFile; fileRef = 2C8C05E0105B1729002C246F /* NSObject-AMFExtensions.m */; };
		2C8C0604105B181E002C246F /* AsyncSocket.m in Sources */ = {isa = PBXBuildFile; fileRef = 2C8C0602105B181E002C246F /* AsyncSocket.m */; };
		2C8C0670105B2831002C246F /* ZZConnection.m in Sources */ = {isa = PBXBuildFile; fileRef = 2C8C066F105B2831002C246F /* ZZConnection.m */; };
		2C8CFECD105AA067002C246F /* PerformanceMonitor.trazzlePlugin in CopyFiles */ = {isa = PBXBuildFile; fileRef = 2C8CFEC9105AA03D002C246F /* PerformanceMonitor.trazzlePlugin */; };
		2C93A5390F3906A60050CD51 /* ZZTabStyle.m in Sources */ = {isa = PBXBuildFile; fileRef = 2C93A5370F3906A60050CD51 /* ZZTabStyle.m */; };
		2C93A55F0F390BD40050CD51 /* tabbar_background.png in Resources */ = {isa = PBXBuildFile; fileRef = 2C93A55E0F390BD40050CD51 /* tabbar_background.png */; };
		2CCF87090E22B19D00B8CE88 /* trazzle.icns in Resources */ = {isa = PBXBuildFile; fileRef = 2CCF87080E22B19D00B8CE88 /* trazzle.icns */; };
		2CDA0FF01041AFF4008338CF /* ZZWindow.m in Sources */ = {isa = PBXBuildFile; fileRef = 2CDA0FEF1041AFF4008338CF /* ZZWindow.m */; };
		2CDA110F1041DA8E008338CF /* tabbar_close_off_over.png in Resources */ = {isa = PBXBuildFile; fileRef = 2CDA110C1041DA8E008338CF /* tabbar_close_off_over.png */; };
		2CDA11101041DA8E008338CF /* tabbar_close_off_up.png in Resources */ = {isa = PBXBuildFile; fileRef = 2CDA110D1041DA8E008338CF /* tabbar_close_off_up.png */; };
		2CDA11111041DA8E008338CF /* tabbar_divider.png in Resources */ = {isa = PBXBuildFile; fileRef = 2CDA110E1041DA8E008338CF /* tabbar_divider.png */; };
		2CDA11271041DBDE008338CF /* tabbar_close_on_over.png in Resources */ = {isa = PBXBuildFile; fileRef = 2CDA11251041DBDE008338CF /* tabbar_close_on_over.png */; };
		2CDA11281041DBDE008338CF /* tabbar_close_on_up.png in Resources */ = {isa = PBXBuildFile; fileRef = 2CDA11261041DBDE008338CF /* tabbar_close_on_up.png */; };
		2CEEDBB9106ACCB700D46C84 /* ZZTabBarControl.m in Sources */ = {isa = PBXBuildFile; fileRef = 2CEEDBB8106ACCB700D46C84 /* ZZTabBarControl.m */; };
		2CF0B37B105C5BAD000222E7 /* ZZCoreService.m in Sources */ = {isa = PBXBuildFile; fileRef = 2CF0B37A105C5BAD000222E7 /* ZZCoreService.m */; };
		2CF39FE30CF8E23600A1B9A9 /* WebKit.framework in Frameworks */ = {isa = PBXBuildFile; fileRef = 2CF39FE20CF8E23600A1B9A9 /* WebKit.framework */; };
		2CF39FF60CF8E5CA00A1B9A9 /* ZZController.m in Sources */ = {isa = PBXBuildFile; fileRef = 2CF39FF50CF8E5CA00A1B9A9 /* ZZController.m */; };
		2CF4FB0C107981D8003BA6B3 /* dsa_pub.pem in Resources */ = {isa = PBXBuildFile; fileRef = 2CF4FB0B107981D8003BA6B3 /* dsa_pub.pem */; };
		496AF03B0F320B3B0049FB23 /* Sparkle.framework in Frameworks */ = {isa = PBXBuildFile; fileRef = 496AF0380F320B3B0049FB23 /* Sparkle.framework */; };
		496AF03C0F320B3B0049FB23 /* PSMTabBarControl.framework in Frameworks */ = {isa = PBXBuildFile; fileRef = 496AF0390F320B3B0049FB23 /* PSMTabBarControl.framework */; };
		496AF0400F320B4E0049FB23 /* Sparkle.framework in CopyFiles */ = {isa = PBXBuildFile; fileRef = 496AF0380F320B3B0049FB23 /* Sparkle.framework */; };
		496AF0410F320B4E0049FB23 /* PSMTabBarControl.framework in CopyFiles */ = {isa = PBXBuildFile; fileRef = 496AF0390F320B3B0049FB23 /* PSMTabBarControl.framework */; };
		8D15AC2D0486D014006FF6A4 /* MainMenu.nib in Resources */ = {isa = PBXBuildFile; fileRef = 2A37F4B6FDCFA73011CA2CEA /* MainMenu.nib */; };
		8D15AC2F0486D014006FF6A4 /* InfoPlist.strings in Resources */ = {isa = PBXBuildFile; fileRef = 089C165FFE840EACC02AAC07 /* InfoPlist.strings */; };
		8D15AC320486D014006FF6A4 /* main.m in Sources */ = {isa = PBXBuildFile; fileRef = 2A37F4B0FDCFA73011CA2CEA /* main.m */; settings = {ATTRIBUTES = (); }; };
		8D15AC340486D014006FF6A4 /* Cocoa.framework in Frameworks */ = {isa = PBXBuildFile; fileRef = 1058C7A7FEA54F5311CA2CBB /* Cocoa.framework */; };
/* End PBXBuildFile section */

/* Begin PBXContainerItemProxy section */
		2C485F2C1062D4B7009818EE /* PBXContainerItemProxy */ = {
			isa = PBXContainerItemProxy;
			containerPortal = 2C485F281062D4B7009818EE /* Inspector.xcodeproj */;
			proxyType = 2;
			remoteGlobalIDString = 8D576316048677EA00EA77CD;
			remoteInfo = Inspector;
		};
		2C485F2F1062D4E1009818EE /* PBXContainerItemProxy */ = {
			isa = PBXContainerItemProxy;
			containerPortal = 2C485F281062D4B7009818EE /* Inspector.xcodeproj */;
			proxyType = 1;
			remoteGlobalIDString = 8D57630D048677EA00EA77CD;
			remoteInfo = Inspector;
		};
		2C65AD9D0F32813F005D7A61 /* PBXContainerItemProxy */ = {
			isa = PBXContainerItemProxy;
			containerPortal = 496AF09C0F321FDB0049FB23 /* Logger.xcodeproj */;
			proxyType = 2;
			remoteGlobalIDString = 2C65AD9A0F32813E005D7A61;
			remoteInfo = Tests;
		};
		2C8CFEC8105AA03D002C246F /* PBXContainerItemProxy */ = {
			isa = PBXContainerItemProxy;
			containerPortal = 2C8CFEC4105AA03C002C246F /* PerformanceMonitor.xcodeproj */;
			proxyType = 2;
			remoteGlobalIDString = 8D576316048677EA00EA77CD;
			remoteInfo = PerformanceMonitor;
		};
		2C8CFECB105AA056002C246F /* PBXContainerItemProxy */ = {
			isa = PBXContainerItemProxy;
			containerPortal = 2C8CFEC4105AA03C002C246F /* PerformanceMonitor.xcodeproj */;
			proxyType = 1;
			remoteGlobalIDString = 8D57630D048677EA00EA77CD;
			remoteInfo = PerformanceMonitor;
		};
		2CAD39CC0F6F059A00D390D9 /* PBXContainerItemProxy */ = {
			isa = PBXContainerItemProxy;
			containerPortal = 2CAD39C80F6F059A00D390D9 /* Builder.xcodeproj */;
			proxyType = 2;
			remoteGlobalIDString = 8D5B49B6048680CD000E48DA;
			remoteInfo = Builder;
		};
		2CFA552A0D6B943E00F5DFE5 /* PBXContainerItemProxy */ = {
			isa = PBXContainerItemProxy;
			containerPortal = 2A37F4A9FDCFA73011CA2CEA /* Project object */;
			proxyType = 1;
			remoteGlobalIDString = 8D15AC270486D014006FF6A4;
			remoteInfo = Trazzle;
		};
		496AF0A00F321FDB0049FB23 /* PBXContainerItemProxy */ = {
			isa = PBXContainerItemProxy;
			containerPortal = 496AF09C0F321FDB0049FB23 /* Logger.xcodeproj */;
			proxyType = 2;
			remoteGlobalIDString = 8D5B49B6048680CD000E48DA;
			remoteInfo = Logger;
		};
		496AF0A20F321FE50049FB23 /* PBXContainerItemProxy */ = {
			isa = PBXContainerItemProxy;
			containerPortal = 496AF09C0F321FDB0049FB23 /* Logger.xcodeproj */;
			proxyType = 1;
			remoteGlobalIDString = 8D5B49AC048680CD000E48DA;
			remoteInfo = Logger;
		};
/* End PBXContainerItemProxy section */

/* Begin PBXCopyFilesBuildPhase section */
		2C65AC8F0F3251E5005D7A61 /* CopyFiles */ = {
			isa = PBXCopyFilesBuildPhase;
			buildActionMask = 2147483647;
			dstPath = "";
			dstSubfolderSpec = 13;
			files = (
				2C8CFECD105AA067002C246F /* PerformanceMonitor.trazzlePlugin in CopyFiles */,
				2C65AC8D0F3251C7005D7A61 /* Logger.trazzlePlugin in CopyFiles */,
			);
			runOnlyForDeploymentPostprocessing = 0;
		};
		2C9147580D0C81C800C89FC2 /* CopyFiles */ = {
			isa = PBXCopyFilesBuildPhase;
			buildActionMask = 2147483647;
			dstPath = "";
			dstSubfolderSpec = 10;
			files = (
				2C10A998107545F800EAED60 /* FeedbackReporter.framework in CopyFiles */,
				2C0D620E105EAAF10024BC52 /* BWToolkitFramework.framework in CopyFiles */,
				496AF0400F320B4E0049FB23 /* Sparkle.framework in CopyFiles */,
				496AF0410F320B4E0049FB23 /* PSMTabBarControl.framework in CopyFiles */,
			);
			runOnlyForDeploymentPostprocessing = 0;
		};
/* End PBXCopyFilesBuildPhase section */

/* Begin PBXFileReference section */
		089C1660FE840EACC02AAC07 /* InfoPlist.strings */ = {isa = PBXFileReference; fileEncoding = 10; lastKnownFileType = text.plist.strings; name = InfoPlist.strings; path = Resources/English.lproj/InfoPlist.strings; sourceTree = "<group>"; };
		1058C7A7FEA54F5311CA2CBB /* Cocoa.framework */ = {isa = PBXFileReference; lastKnownFileType = wrapper.framework; name = Cocoa.framework; path = /System/Library/Frameworks/Cocoa.framework; sourceTree = "<absolute>"; };
		13E42FBA07B3F13500E4EEF1 /* CoreData.framework */ = {isa = PBXFileReference; lastKnownFileType = wrapper.framework; name = CoreData.framework; path = /System/Library/Frameworks/CoreData.framework; sourceTree = "<absolute>"; };
		2A37F4B0FDCFA73011CA2CEA /* main.m */ = {isa = PBXFileReference; fileEncoding = 4; lastKnownFileType = sourcecode.c.objc; path = main.m; sourceTree = "<group>"; };
		2A37F4B7FDCFA73011CA2CEA /* MainMenu.nib */ = {isa = PBXFileReference; lastKnownFileType = wrapper.nib; name = MainMenu.nib; path = Resources/English.lproj/MainMenu.nib; sourceTree = "<group>"; };
		2A37F4BAFDCFA73011CA2CEA /* Credits.rtf */ = {isa = PBXFileReference; lastKnownFileType = text.rtf; name = Credits.rtf; path = Resources/English.lproj/Credits.rtf; sourceTree = "<group>"; };
		2A37F4C4FDCFA73011CA2CEA /* AppKit.framework */ = {isa = PBXFileReference; lastKnownFileType = wrapper.framework; name = AppKit.framework; path = /System/Library/Frameworks/AppKit.framework; sourceTree = "<absolute>"; };
		2A37F4C5FDCFA73011CA2CEA /* Foundation.framework */ = {isa = PBXFileReference; lastKnownFileType = wrapper.framework; name = Foundation.framework; path = /System/Library/Frameworks/Foundation.framework; sourceTree = "<absolute>"; };
		2C0D6204105EA9B10024BC52 /* BWToolkitFramework.framework */ = {isa = PBXFileReference; lastKnownFileType = wrapper.framework; name = BWToolkitFramework.framework; path = Frameworks/BWToolkitFramework.framework; sourceTree = "<group>"; };
		2C10A8991074E26700EAED60 /* UpdatePreferences.xib */ = {isa = PBXFileReference; lastKnownFileType = file.xib; path = UpdatePreferences.xib; sourceTree = "<group>"; };
		2C10A89C1074E31E00EAED60 /* ZZUpdatePreferencesViewController.h */ = {isa = PBXFileReference; fileEncoding = 4; lastKnownFileType = sourcecode.c.h; path = ZZUpdatePreferencesViewController.h; sourceTree = "<group>"; };
		2C10A89D1074E31E00EAED60 /* ZZUpdatePreferencesViewController.m */ = {isa = PBXFileReference; fileEncoding = 4; lastKnownFileType = sourcecode.c.objc; path = ZZUpdatePreferencesViewController.m; sourceTree = "<group>"; };
		2C10A8C31074EC7800EAED60 /* NSDate+AAAdditions.h */ = {isa = PBXFileReference; fileEncoding = 4; lastKnownFileType = sourcecode.c.h; path = "NSDate+AAAdditions.h"; sourceTree = "<group>"; };
		2C10A8C41074EC7800EAED60 /* NSDate+AAAdditions.m */ = {isa = PBXFileReference; fileEncoding = 4; lastKnownFileType = sourcecode.c.objc; path = "NSDate+AAAdditions.m"; sourceTree = "<group>"; };
		2C10A98E1075453E00EAED60 /* FeedbackReporter.framework */ = {isa = PBXFileReference; lastKnownFileType = wrapper.framework; name = FeedbackReporter.framework; path = Frameworks/FeedbackReporter.framework; sourceTree = "<group>"; };
		2C19E05F0EBE752F00B9BA96 /* ZZWindowController.h */ = {isa = PBXFileReference; fileEncoding = 4; lastKnownFileType = sourcecode.c.h; path = ZZWindowController.h; sourceTree = "<group>"; };
		2C19E0600EBE752F00B9BA96 /* ZZWindowController.m */ = {isa = PBXFileReference; fileEncoding = 4; lastKnownFileType = sourcecode.c.objc; path = ZZWindowController.m; sourceTree = "<group>"; };
		2C19E0650EBE75C100B9BA96 /* MainWindow.xib */ = {isa = PBXFileReference; lastKnownFileType = file.xib; name = MainWindow.xib; path = Resources/Xibs/MainWindow.xib; sourceTree = "<group>"; };
		2C1A2B370D294BB600418DB7 /* reload.tiff */ = {isa = PBXFileReference; lastKnownFileType = image.tiff; path = reload.tiff; sourceTree = "<group>"; };
		2C1D6DC60F34F82F00EA8975 /* statusbar_icon.png */ = {isa = PBXFileReference; lastKnownFileType = image.png; path = statusbar_icon.png; sourceTree = "<group>"; };
		2C1D6DDD0F34FA4000EA8975 /* statusbar_icon_alternate.png */ = {isa = PBXFileReference; lastKnownFileType = image.png; path = statusbar_icon_alternate.png; sourceTree = "<group>"; };
		2C1F223A0FF57C730035F2DE /* ZZApplication.h */ = {isa = PBXFileReference; fileEncoding = 4; lastKnownFileType = sourcecode.c.h; path = ZZApplication.h; sourceTree = "<group>"; };
		2C1F223B0FF57C730035F2DE /* ZZApplication.m */ = {isa = PBXFileReference; fileEncoding = 4; lastKnownFileType = sourcecode.c.objc; path = ZZApplication.m; sourceTree = "<group>"; };
		2C2EC39E0ECE303F005785E2 /* PlugInController.h */ = {isa = PBXFileReference; fileEncoding = 4; lastKnownFileType = sourcecode.c.h; path = PlugInController.h; sourceTree = "<group>"; };
		2C2EC39F0ECE303F005785E2 /* PlugInController.m */ = {isa = PBXFileReference; fileEncoding = 4; lastKnownFileType = sourcecode.c.objc; path = PlugInController.m; sourceTree = "<group>"; };
		2C4300A60D15F5E9006C57D7 /* Tests-Info.plist */ = {isa = PBXFileReference; lastKnownFileType = text.plist.xml; name = "Tests-Info.plist"; path = "Resources/Tests-Info.plist"; sourceTree = "<group>"; };
		2C485F281062D4B7009818EE /* Inspector.xcodeproj */ = {isa = PBXFileReference; lastKnownFileType = "wrapper.pb-project"; name = Inspector.xcodeproj; path = ../Plugins/Inspector/Inspector.xcodeproj; sourceTree = SOURCE_ROOT; };
		2C54D7FA0F3A068200264CC9 /* tabbar_activetab_right.png */ = {isa = PBXFileReference; lastKnownFileType = image.png; path = tabbar_activetab_right.png; sourceTree = "<group>"; };
		2C54D7FB0F3A068200264CC9 /* tabbar_activetab_middle.png */ = {isa = PBXFileReference; lastKnownFileType = image.png; path = tabbar_activetab_middle.png; sourceTree = "<group>"; };
		2C54D7FC0F3A068200264CC9 /* tabbar_activetab_left.png */ = {isa = PBXFileReference; lastKnownFileType = image.png; path = tabbar_activetab_left.png; sourceTree = "<group>"; };
		2C65AE150F328A3C005D7A61 /* TrazzlePlugIn.h */ = {isa = PBXFileReference; fileEncoding = 4; lastKnownFileType = sourcecode.c.h; path = TrazzlePlugIn.h; sourceTree = "<group>"; };
		2C69204F1072C1CC00D20740 /* AAPreferencesWindowController.h */ = {isa = PBXFileReference; fileEncoding = 4; lastKnownFileType = sourcecode.c.h; path = AAPreferencesWindowController.h; sourceTree = "<group>"; };
		2C6920501072C1CC00D20740 /* AAPreferencesWindowController.m */ = {isa = PBXFileReference; fileEncoding = 4; lastKnownFileType = sourcecode.c.objc; path = AAPreferencesWindowController.m; sourceTree = "<group>"; };
		2C7D43F51077920D00EB4725 /* FRFeedbackReporter.sh */ = {isa = PBXFileReference; fileEncoding = 4; lastKnownFileType = text.script.sh; name = FRFeedbackReporter.sh; path = Resources/FRFeedbackReporter.sh; sourceTree = "<group>"; };
		2C87B4570D8733F10065FC08 /* ZZConstants.h */ = {isa = PBXFileReference; fileEncoding = 4; lastKnownFileType = sourcecode.c.h; path = ZZConstants.h; sourceTree = "<group>"; };
		2C8C05C9105B1729002C246F /* AMF.h */ = {isa = PBXFileReference; fileEncoding = 4; lastKnownFileType = sourcecode.c.h; path = AMF.h; sourceTree = "<group>"; };
		2C8C05CA105B1729002C246F /* AMF.m */ = {isa = PBXFileReference; fileEncoding = 4; lastKnownFileType = sourcecode.c.objc; path = AMF.m; sourceTree = "<group>"; };
		2C8C05CB105B1729002C246F /* AMFActionMessage.h */ = {isa = PBXFileReference; fileEncoding = 4; lastKnownFileType = sourcecode.c.h; path = AMFActionMessage.h; sourceTree = "<group>"; };
		2C8C05CC105B1729002C246F /* AMFActionMessage.m */ = {isa = PBXFileReference; fileEncoding = 4; lastKnownFileType = sourcecode.c.objc; path = AMFActionMessage.m; sourceTree = "<group>"; };
		2C8C05CD105B1729002C246F /* AMFArchiver.h */ = {isa = PBXFileReference; fileEncoding = 4; lastKnownFileType = sourcecode.c.h; path = AMFArchiver.h; sourceTree = "<group>"; };
		2C8C05CE105B1729002C246F /* AMFArchiver.m */ = {isa = PBXFileReference; fileEncoding = 4; lastKnownFileType = sourcecode.c.objc; path = AMFArchiver.m; sourceTree = "<group>"; };
		2C8C05CF105B1729002C246F /* AMFDebugUnarchiver.h */ = {isa = PBXFileReference; fileEncoding = 4; lastKnownFileType = sourcecode.c.h; path = AMFDebugUnarchiver.h; sourceTree = "<group>"; };
		2C8C05D0105B1729002C246F /* AMFDebugUnarchiver.m */ = {isa = PBXFileReference; fileEncoding = 4; lastKnownFileType = sourcecode.c.objc; path = AMFDebugUnarchiver.m; sourceTree = "<group>"; };
		2C8C05D1105B1729002C246F /* AMFDuplexGateway.h */ = {isa = PBXFileReference; fileEncoding = 4; lastKnownFileType = sourcecode.c.h; path = AMFDuplexGateway.h; sourceTree = "<group>"; };
		2C8C05D2105B1729002C246F /* AMFDuplexGateway.m */ = {isa = PBXFileReference; fileEncoding = 4; lastKnownFileType = sourcecode.c.objc; path = AMFDuplexGateway.m; sourceTree = "<group>"; };
		2C8C05D3105B1729002C246F /* AMFGateway.h */ = {isa = PBXFileReference; fileEncoding = 4; lastKnownFileType = sourcecode.c.h; path = AMFGateway.h; sourceTree = "<group>"; };
		2C8C05D4105B1729002C246F /* AMFGateway.m */ = {isa = PBXFileReference; fileEncoding = 4; lastKnownFileType = sourcecode.c.objc; path = AMFGateway.m; sourceTree = "<group>"; };
		2C8C05D5105B1729002C246F /* AMFRemotingCall.h */ = {isa = PBXFileReference; fileEncoding = 4; lastKnownFileType = sourcecode.c.h; path = AMFRemotingCall.h; sourceTree = "<group>"; };
		2C8C05D6105B1729002C246F /* AMFRemotingCall.m */ = {isa = PBXFileReference; fileEncoding = 4; lastKnownFileType = sourcecode.c.objc; path = AMFRemotingCall.m; sourceTree = "<group>"; };
		2C8C05D7105B1729002C246F /* AMFUnarchiver.h */ = {isa = PBXFileReference; fileEncoding = 4; lastKnownFileType = sourcecode.c.h; path = AMFUnarchiver.h; sourceTree = "<group>"; };
		2C8C05D8105B1729002C246F /* AMFUnarchiver.m */ = {isa = PBXFileReference; fileEncoding = 4; lastKnownFileType = sourcecode.c.objc; path = AMFUnarchiver.m; sourceTree = "<group>"; };
		2C8C05D9105B1729002C246F /* ASObject.h */ = {isa = PBXFileReference; fileEncoding = 4; lastKnownFileType = sourcecode.c.h; path = ASObject.h; sourceTree = "<group>"; };
		2C8C05DA105B1729002C246F /* ASObject.m */ = {isa = PBXFileReference; fileEncoding = 4; lastKnownFileType = sourcecode.c.objc; path = ASObject.m; sourceTree = "<group>"; };
		2C8C05DB105B1729002C246F /* FlexDataTypes.h */ = {isa = PBXFileReference; fileEncoding = 4; lastKnownFileType = sourcecode.c.h; path = FlexDataTypes.h; sourceTree = "<group>"; };
		2C8C05DC105B1729002C246F /* FlexDataTypes.m */ = {isa = PBXFileReference; fileEncoding = 4; lastKnownFileType = sourcecode.c.objc; path = FlexDataTypes.m; sourceTree = "<group>"; };
		2C8C05DD105B1729002C246F /* NSInvocation-AMFExtensions.h */ = {isa = PBXFileReference; fileEncoding = 4; lastKnownFileType = sourcecode.c.h; path = "NSInvocation-AMFExtensions.h"; sourceTree = "<group>"; };
		2C8C05DE105B1729002C246F /* NSInvocation-AMFExtensions.m */ = {isa = PBXFileReference; fileEncoding = 4; lastKnownFileType = sourcecode.c.objc; path = "NSInvocation-AMFExtensions.m"; sourceTree = "<group>"; };
		2C8C05DF105B1729002C246F /* NSObject-AMFExtensions.h */ = {isa = PBXFileReference; fileEncoding = 4; lastKnownFileType = sourcecode.c.h; path = "NSObject-AMFExtensions.h"; sourceTree = "<group>"; };
		2C8C05E0105B1729002C246F /* NSObject-AMFExtensions.m */ = {isa = PBXFileReference; fileEncoding = 4; lastKnownFileType = sourcecode.c.objc; path = "NSObject-AMFExtensions.m"; sourceTree = "<group>"; };
		2C8C0601105B181E002C246F /* AsyncSocket.h */ = {isa = PBXFileReference; fileEncoding = 4; lastKnownFileType = sourcecode.c.h; path = AsyncSocket.h; sourceTree = "<group>"; };
		2C8C0602105B181E002C246F /* AsyncSocket.m */ = {isa = PBXFileReference; fileEncoding = 4; lastKnownFileType = sourcecode.c.objc; path = AsyncSocket.m; sourceTree = "<group>"; };
		2C8C066E105B2831002C246F /* ZZConnection.h */ = {isa = PBXFileReference; fileEncoding = 4; lastKnownFileType = sourcecode.c.h; path = ZZConnection.h; sourceTree = "<group>"; };
		2C8C066F105B2831002C246F /* ZZConnection.m */ = {isa = PBXFileReference; fileEncoding = 4; lastKnownFileType = sourcecode.c.objc; path = ZZConnection.m; sourceTree = "<group>"; };
		2C8CFEC4105AA03C002C246F /* PerformanceMonitor.xcodeproj */ = {isa = PBXFileReference; lastKnownFileType = "wrapper.pb-project"; name = PerformanceMonitor.xcodeproj; path = ../Plugins/PerformanceMonitor/PerformanceMonitor.xcodeproj; sourceTree = SOURCE_ROOT; };
		2C93A5370F3906A60050CD51 /* ZZTabStyle.m */ = {isa = PBXFileReference; fileEncoding = 4; lastKnownFileType = sourcecode.c.objc; path = ZZTabStyle.m; sourceTree = "<group>"; };
		2C93A5380F3906A60050CD51 /* ZZTabStyle.h */ = {isa = PBXFileReference; fileEncoding = 4; lastKnownFileType = sourcecode.c.h; path = ZZTabStyle.h; sourceTree = "<group>"; };
		2C93A55E0F390BD40050CD51 /* tabbar_background.png */ = {isa = PBXFileReference; lastKnownFileType = image.png; path = tabbar_background.png; sourceTree = "<group>"; };
		2CAD39C80F6F059A00D390D9 /* Builder.xcodeproj */ = {isa = PBXFileReference; lastKnownFileType = "wrapper.pb-project"; name = Builder.xcodeproj; path = ../Plugins/Builder/Builder.xcodeproj; sourceTree = SOURCE_ROOT; };
		2CCF87080E22B19D00B8CE88 /* trazzle.icns */ = {isa = PBXFileReference; lastKnownFileType = image.icns; path = trazzle.icns; sourceTree = "<group>"; };
		2CDA0FEE1041AFF4008338CF /* ZZWindow.h */ = {isa = PBXFileReference; fileEncoding = 4; lastKnownFileType = sourcecode.c.h; path = ZZWindow.h; sourceTree = "<group>"; };
		2CDA0FEF1041AFF4008338CF /* ZZWindow.m */ = {isa = PBXFileReference; fileEncoding = 4; lastKnownFileType = sourcecode.c.objc; path = ZZWindow.m; sourceTree = "<group>"; };
		2CDA110C1041DA8E008338CF /* tabbar_close_off_over.png */ = {isa = PBXFileReference; lastKnownFileType = image.png; path = tabbar_close_off_over.png; sourceTree = "<group>"; };
		2CDA110D1041DA8E008338CF /* tabbar_close_off_up.png */ = {isa = PBXFileReference; lastKnownFileType = image.png; path = tabbar_close_off_up.png; sourceTree = "<group>"; };
		2CDA110E1041DA8E008338CF /* tabbar_divider.png */ = {isa = PBXFileReference; lastKnownFileType = image.png; path = tabbar_divider.png; sourceTree = "<group>"; };
		2CDA11251041DBDE008338CF /* tabbar_close_on_over.png */ = {isa = PBXFileReference; lastKnownFileType = image.png; path = tabbar_close_on_over.png; sourceTree = "<group>"; };
		2CDA11261041DBDE008338CF /* tabbar_close_on_up.png */ = {isa = PBXFileReference; lastKnownFileType = image.png; path = tabbar_close_on_up.png; sourceTree = "<group>"; };
		2CEEDBB7106ACCB700D46C84 /* ZZTabBarControl.h */ = {isa = PBXFileReference; fileEncoding = 4; lastKnownFileType = sourcecode.c.h; path = ZZTabBarControl.h; sourceTree = "<group>"; };
		2CEEDBB8106ACCB700D46C84 /* ZZTabBarControl.m */ = {isa = PBXFileReference; fileEncoding = 4; lastKnownFileType = sourcecode.c.objc; path = ZZTabBarControl.m; sourceTree = "<group>"; };
		2CF0B379105C5BAD000222E7 /* ZZCoreService.h */ = {isa = PBXFileReference; fileEncoding = 4; lastKnownFileType = sourcecode.c.h; path = ZZCoreService.h; sourceTree = "<group>"; };
		2CF0B37A105C5BAD000222E7 /* ZZCoreService.m */ = {isa = PBXFileReference; fileEncoding = 4; lastKnownFileType = sourcecode.c.objc; path = ZZCoreService.m; sourceTree = "<group>"; };
		2CF39FE20CF8E23600A1B9A9 /* WebKit.framework */ = {isa = PBXFileReference; lastKnownFileType = wrapper.framework; name = WebKit.framework; path = /System/Library/Frameworks/WebKit.framework; sourceTree = "<absolute>"; };
		2CF39FF40CF8E5CA00A1B9A9 /* ZZController.h */ = {isa = PBXFileReference; fileEncoding = 4; lastKnownFileType = sourcecode.c.h; path = ZZController.h; sourceTree = "<group>"; };
		2CF39FF50CF8E5CA00A1B9A9 /* ZZController.m */ = {isa = PBXFileReference; fileEncoding = 4; lastKnownFileType = sourcecode.c.objc; path = ZZController.m; sourceTree = "<group>"; };
		2CF4FB0B107981D8003BA6B3 /* dsa_pub.pem */ = {isa = PBXFileReference; fileEncoding = 4; lastKnownFileType = text; name = dsa_pub.pem; path = Resources/dsa_pub.pem; sourceTree = "<group>"; };
		2CFA54E30D6B8D5F00F5DFE5 /* Tests.octest */ = {isa = PBXFileReference; explicitFileType = wrapper.cfbundle; includeInIndex = 0; path = Tests.octest; sourceTree = BUILT_PRODUCTS_DIR; };
		32DBCF750370BD2300C91783 /* Trazzle_Prefix.pch */ = {isa = PBXFileReference; fileEncoding = 4; lastKnownFileType = sourcecode.c.h; path = Trazzle_Prefix.pch; sourceTree = "<group>"; };
		496AF0380F320B3B0049FB23 /* Sparkle.framework */ = {isa = PBXFileReference; lastKnownFileType = wrapper.framework; name = Sparkle.framework; path = Frameworks/Sparkle.framework; sourceTree = "<group>"; };
		496AF0390F320B3B0049FB23 /* PSMTabBarControl.framework */ = {isa = PBXFileReference; lastKnownFileType = wrapper.framework; name = PSMTabBarControl.framework; path = Frameworks/PSMTabBarControl.framework; sourceTree = "<group>"; };
		496AF09C0F321FDB0049FB23 /* Logger.xcodeproj */ = {isa = PBXFileReference; lastKnownFileType = "wrapper.pb-project"; name = Logger.xcodeproj; path = ../Plugins/Logger/Logger.xcodeproj; sourceTree = SOURCE_ROOT; };
		8D15AC360486D014006FF6A4 /* Info.plist */ = {isa = PBXFileReference; fileEncoding = 4; lastKnownFileType = text.plist.xml; name = Info.plist; path = Resources/Info.plist; sourceTree = "<group>"; };
		8D15AC370486D014006FF6A4 /* Trazzle.app */ = {isa = PBXFileReference; explicitFileType = wrapper.application; includeInIndex = 0; path = Trazzle.app; sourceTree = BUILT_PRODUCTS_DIR; };
/* End PBXFileReference section */

/* Begin PBXFrameworksBuildPhase section */
		2CFA54E00D6B8D5F00F5DFE5 /* Frameworks */ = {
			isa = PBXFrameworksBuildPhase;
			buildActionMask = 2147483647;
			files = (
			);
			runOnlyForDeploymentPostprocessing = 0;
		};
		8D15AC330486D014006FF6A4 /* Frameworks */ = {
			isa = PBXFrameworksBuildPhase;
			buildActionMask = 2147483647;
			files = (
				8D15AC340486D014006FF6A4 /* Cocoa.framework in Frameworks */,
				2CF39FE30CF8E23600A1B9A9 /* WebKit.framework in Frameworks */,
				496AF03B0F320B3B0049FB23 /* Sparkle.framework in Frameworks */,
				496AF03C0F320B3B0049FB23 /* PSMTabBarControl.framework in Frameworks */,
				2C0D6205105EA9B10024BC52 /* BWToolkitFramework.framework in Frameworks */,
				2C10A98F1075453E00EAED60 /* FeedbackReporter.framework in Frameworks */,
			);
			runOnlyForDeploymentPostprocessing = 0;
		};
/* End PBXFrameworksBuildPhase section */

/* Begin PBXGroup section */
		1058C7A6FEA54F5311CA2CBB /* Linked Frameworks */ = {
			isa = PBXGroup;
			children = (
				2C10A98E1075453E00EAED60 /* FeedbackReporter.framework */,
				2C0D6204105EA9B10024BC52 /* BWToolkitFramework.framework */,
				496AF0380F320B3B0049FB23 /* Sparkle.framework */,
				496AF0390F320B3B0049FB23 /* PSMTabBarControl.framework */,
				2CF39FE20CF8E23600A1B9A9 /* WebKit.framework */,
				1058C7A7FEA54F5311CA2CBB /* Cocoa.framework */,
			);
			name = "Linked Frameworks";
			sourceTree = "<group>";
		};
		1058C7A8FEA54F5311CA2CBB /* Other Frameworks */ = {
			isa = PBXGroup;
			children = (
				2A37F4C4FDCFA73011CA2CEA /* AppKit.framework */,
				13E42FBA07B3F13500E4EEF1 /* CoreData.framework */,
				2A37F4C5FDCFA73011CA2CEA /* Foundation.framework */,
			);
			name = "Other Frameworks";
			sourceTree = "<group>";
		};
		19C28FB0FE9D524F11CA2CBB /* Products */ = {
			isa = PBXGroup;
			children = (
				8D15AC370486D014006FF6A4 /* Trazzle.app */,
				2CFA54E30D6B8D5F00F5DFE5 /* Tests.octest */,
			);
			name = Products;
			sourceTree = "<group>";
		};
		2A37F4AAFDCFA73011CA2CEA /* Trazzle */ = {
			isa = PBXGroup;
			children = (
				2A37F4ABFDCFA73011CA2CEA /* Classes */,
				2A37F4AFFDCFA73011CA2CEA /* Other Sources */,
				2A37F4B8FDCFA73011CA2CEA /* Resources */,
				2A37F4C3FDCFA73011CA2CEA /* Frameworks */,
				2C8C03FE105B1710002C246F /* Libraries */,
				19C28FB0FE9D524F11CA2CBB /* Products */,
				496AF09C0F321FDB0049FB23 /* Logger.xcodeproj */,
				2CAD39C80F6F059A00D390D9 /* Builder.xcodeproj */,
				2C8CFEC4105AA03C002C246F /* PerformanceMonitor.xcodeproj */,
				2C485F281062D4B7009818EE /* Inspector.xcodeproj */,
			);
			name = Trazzle;
			sourceTree = "<group>";
		};
		2A37F4ABFDCFA73011CA2CEA /* Classes */ = {
			isa = PBXGroup;
			children = (
				2C65AE150F328A3C005D7A61 /* TrazzlePlugIn.h */,
				2C2EC39E0ECE303F005785E2 /* PlugInController.h */,
				2C2EC39F0ECE303F005785E2 /* PlugInController.m */,
				2C87B4570D8733F10065FC08 /* ZZConstants.h */,
				2CF39FF40CF8E5CA00A1B9A9 /* ZZController.h */,
				2CF39FF50CF8E5CA00A1B9A9 /* ZZController.m */,
				2C19E05F0EBE752F00B9BA96 /* ZZWindowController.h */,
				2C19E0600EBE752F00B9BA96 /* ZZWindowController.m */,
				2C1F223A0FF57C730035F2DE /* ZZApplication.h */,
				2C1F223B0FF57C730035F2DE /* ZZApplication.m */,
				2C8C066E105B2831002C246F /* ZZConnection.h */,
				2C8C066F105B2831002C246F /* ZZConnection.m */,
				2CF0B37D105C5C8D000222E7 /* AMF Services */,
				2CF0B370105C4EE4000222E7 /* ui */,
			);
			path = Classes;
			sourceTree = "<group>";
		};
		2A37F4AFFDCFA73011CA2CEA /* Other Sources */ = {
			isa = PBXGroup;
			children = (
				32DBCF750370BD2300C91783 /* Trazzle_Prefix.pch */,
				2A37F4B0FDCFA73011CA2CEA /* main.m */,
			);
			name = "Other Sources";
			sourceTree = "<group>";
		};
		2A37F4B8FDCFA73011CA2CEA /* Resources */ = {
			isa = PBXGroup;
			children = (
				2CF4FB0B107981D8003BA6B3 /* dsa_pub.pem */,
				2C7D43F51077920D00EB4725 /* FRFeedbackReporter.sh */,
				2C4300A60D15F5E9006C57D7 /* Tests-Info.plist */,
				2C03583A0D1C568C007C1A48 /* Images */,
				2A37F4B9FDCFA73011CA2CEA /* Credits.rtf */,
				2A37F4B6FDCFA73011CA2CEA /* MainMenu.nib */,
				8D15AC360486D014006FF6A4 /* Info.plist */,
				089C165FFE840EACC02AAC07 /* InfoPlist.strings */,
				2C19E0650EBE75C100B9BA96 /* MainWindow.xib */,
				2C10A8991074E26700EAED60 /* UpdatePreferences.xib */,
			);
			name = Resources;
			sourceTree = "<group>";
		};
		2A37F4C3FDCFA73011CA2CEA /* Frameworks */ = {
			isa = PBXGroup;
			children = (
				1058C7A6FEA54F5311CA2CBB /* Linked Frameworks */,
				1058C7A8FEA54F5311CA2CBB /* Other Frameworks */,
			);
			name = Frameworks;
			sourceTree = "<group>";
		};
		2C03583A0D1C568C007C1A48 /* Images */ = {
			isa = PBXGroup;
			children = (
				2C54D7FA0F3A068200264CC9 /* tabbar_activetab_right.png */,
				2C54D7FB0F3A068200264CC9 /* tabbar_activetab_middle.png */,
				2C54D7FC0F3A068200264CC9 /* tabbar_activetab_left.png */,
				2C1D6DC60F34F82F00EA8975 /* statusbar_icon.png */,
				2C1D6DDD0F34FA4000EA8975 /* statusbar_icon_alternate.png */,
				2CCF87080E22B19D00B8CE88 /* trazzle.icns */,
				2C1A2B370D294BB600418DB7 /* reload.tiff */,
				2C93A55E0F390BD40050CD51 /* tabbar_background.png */,
				2CDA110C1041DA8E008338CF /* tabbar_close_off_over.png */,
				2CDA110D1041DA8E008338CF /* tabbar_close_off_up.png */,
				2CDA11251041DBDE008338CF /* tabbar_close_on_over.png */,
				2CDA11261041DBDE008338CF /* tabbar_close_on_up.png */,
				2CDA110E1041DA8E008338CF /* tabbar_divider.png */,
			);
			name = Images;
			path = Resources/Images;
			sourceTree = "<group>";
		};
		2C485F291062D4B7009818EE /* Products */ = {
			isa = PBXGroup;
			children = (
				2C485F2D1062D4B7009818EE /* Inspector.trazzlePlugin */,
			);
			name = Products;
			sourceTree = "<group>";
		};
		2C69204E1072C16900D20740 /* AAUtils */ = {
			isa = PBXGroup;
			children = (
				2C69204F1072C1CC00D20740 /* AAPreferencesWindowController.h */,
				2C6920501072C1CC00D20740 /* AAPreferencesWindowController.m */,
				2C10A8C31074EC7800EAED60 /* NSDate+AAAdditions.h */,
				2C10A8C41074EC7800EAED60 /* NSDate+AAAdditions.m */,
			);
			path = AAUtils;
			sourceTree = "<group>";
		};
		2C8C03FE105B1710002C246F /* Libraries */ = {
			isa = PBXGroup;
			children = (
				2C69204E1072C16900D20740 /* AAUtils */,
				2C8C05FF105B181E002C246F /* AsyncSocket */,
				2C8C05C8105B1729002C246F /* CocoaAMF */,
			);
			path = Libraries;
			sourceTree = "<group>";
		};
		2C8C05C8105B1729002C246F /* CocoaAMF */ = {
			isa = PBXGroup;
			children = (
				2C8C05C9105B1729002C246F /* AMF.h */,
				2C8C05CA105B1729002C246F /* AMF.m */,
				2C8C05CB105B1729002C246F /* AMFActionMessage.h */,
				2C8C05CC105B1729002C246F /* AMFActionMessage.m */,
				2C8C05CD105B1729002C246F /* AMFArchiver.h */,
				2C8C05CE105B1729002C246F /* AMFArchiver.m */,
				2C8C05CF105B1729002C246F /* AMFDebugUnarchiver.h */,
				2C8C05D0105B1729002C246F /* AMFDebugUnarchiver.m */,
				2C8C05D1105B1729002C246F /* AMFDuplexGateway.h */,
				2C8C05D2105B1729002C246F /* AMFDuplexGateway.m */,
				2C8C05D3105B1729002C246F /* AMFGateway.h */,
				2C8C05D4105B1729002C246F /* AMFGateway.m */,
				2C8C05D5105B1729002C246F /* AMFRemotingCall.h */,
				2C8C05D6105B1729002C246F /* AMFRemotingCall.m */,
				2C8C05D7105B1729002C246F /* AMFUnarchiver.h */,
				2C8C05D8105B1729002C246F /* AMFUnarchiver.m */,
				2C8C05D9105B1729002C246F /* ASObject.h */,
				2C8C05DA105B1729002C246F /* ASObject.m */,
				2C8C05DB105B1729002C246F /* FlexDataTypes.h */,
				2C8C05DC105B1729002C246F /* FlexDataTypes.m */,
				2C8C05DD105B1729002C246F /* NSInvocation-AMFExtensions.h */,
				2C8C05DE105B1729002C246F /* NSInvocation-AMFExtensions.m */,
				2C8C05DF105B1729002C246F /* NSObject-AMFExtensions.h */,
				2C8C05E0105B1729002C246F /* NSObject-AMFExtensions.m */,
			);
			name = CocoaAMF;
			path = CocoaAMF/CocoaAMF;
			sourceTree = "<group>";
		};
		2C8C05FF105B181E002C246F /* AsyncSocket */ = {
			isa = PBXGroup;
			children = (
				2C8C0601105B181E002C246F /* AsyncSocket.h */,
				2C8C0602105B181E002C246F /* AsyncSocket.m */,
			);
			path = AsyncSocket;
			sourceTree = "<group>";
		};
		2C8CFEC5105AA03C002C246F /* Products */ = {
			isa = PBXGroup;
			children = (
				2C8CFEC9105AA03D002C246F /* PerformanceMonitor.trazzlePlugin */,
			);
			name = Products;
			sourceTree = "<group>";
		};
		2CAD39C90F6F059A00D390D9 /* Products */ = {
			isa = PBXGroup;
			children = (
				2CAD39CD0F6F059A00D390D9 /* Builder.trazzlePlugin */,
			);
			name = Products;
			sourceTree = "<group>";
		};
		2CF0B370105C4EE4000222E7 /* ui */ = {
			isa = PBXGroup;
			children = (
				2C93A5380F3906A60050CD51 /* ZZTabStyle.h */,
				2C93A5370F3906A60050CD51 /* ZZTabStyle.m */,
				2CDA0FEE1041AFF4008338CF /* ZZWindow.h */,
				2CDA0FEF1041AFF4008338CF /* ZZWindow.m */,
				2CEEDBB7106ACCB700D46C84 /* ZZTabBarControl.h */,
				2CEEDBB8106ACCB700D46C84 /* ZZTabBarControl.m */,
				2C10A89C1074E31E00EAED60 /* ZZUpdatePreferencesViewController.h */,
				2C10A89D1074E31E00EAED60 /* ZZUpdatePreferencesViewController.m */,
			);
			name = ui;
			sourceTree = "<group>";
		};
		2CF0B37D105C5C8D000222E7 /* AMF Services */ = {
			isa = PBXGroup;
			children = (
				2CF0B379105C5BAD000222E7 /* ZZCoreService.h */,
				2CF0B37A105C5BAD000222E7 /* ZZCoreService.m */,
			);
			name = "AMF Services";
			sourceTree = "<group>";
		};
		496AF09D0F321FDB0049FB23 /* Products */ = {
			isa = PBXGroup;
			children = (
				496AF0A10F321FDB0049FB23 /* Logger.trazzlePlugin */,
				2C65AD9E0F32813F005D7A61 /* Tests.octest */,
			);
			name = Products;
			sourceTree = "<group>";
		};
/* End PBXGroup section */

/* Begin PBXNativeTarget section */
		2CFA54E20D6B8D5F00F5DFE5 /* Tests */ = {
			isa = PBXNativeTarget;
			buildConfigurationList = 2CFA54E80D6B8D7300F5DFE5 /* Build configuration list for PBXNativeTarget "Tests" */;
			buildPhases = (
				2CFA54DE0D6B8D5F00F5DFE5 /* Resources */,
				2CFA54DF0D6B8D5F00F5DFE5 /* Sources */,
				2CFA54E00D6B8D5F00F5DFE5 /* Frameworks */,
				2CFA54E10D6B8D5F00F5DFE5 /* ShellScript */,
			);
			buildRules = (
			);
			dependencies = (
				2CFA552B0D6B943E00F5DFE5 /* PBXTargetDependency */,
			);
			name = Tests;
			productName = Tests;
			productReference = 2CFA54E30D6B8D5F00F5DFE5 /* Tests.octest */;
			productType = "com.apple.product-type.bundle";
		};
		8D15AC270486D014006FF6A4 /* Trazzle */ = {
			isa = PBXNativeTarget;
			buildConfigurationList = C05733C708A9546B00998B17 /* Build configuration list for PBXNativeTarget "Trazzle" */;
			buildPhases = (
				8D15AC2B0486D014006FF6A4 /* Resources */,
				8D15AC300486D014006FF6A4 /* Sources */,
				8D15AC330486D014006FF6A4 /* Frameworks */,
				2C9147580D0C81C800C89FC2 /* CopyFiles */,
				2C65ACD20F325A34005D7A61 /* ShellScript */,
				2C65AC8F0F3251E5005D7A61 /* CopyFiles */,
			);
			buildRules = (
			);
			dependencies = (
				496AF0A30F321FE50049FB23 /* PBXTargetDependency */,
				2C8CFECC105AA056002C246F /* PBXTargetDependency */,
				2C485F301062D4E1009818EE /* PBXTargetDependency */,
			);
			name = Trazzle;
			productInstallPath = "$(HOME)/Applications";
			productName = Trazzle;
			productReference = 8D15AC370486D014006FF6A4 /* Trazzle.app */;
			productType = "com.apple.product-type.application";
		};
/* End PBXNativeTarget section */

/* Begin PBXProject section */
		2A37F4A9FDCFA73011CA2CEA /* Project object */ = {
			isa = PBXProject;
			attributes = {
				BuildIndependentTargetsInParallel = YES;
			};
			buildConfigurationList = C05733CB08A9546B00998B17 /* Build configuration list for PBXProject "Trazzle" */;
			compatibilityVersion = "Xcode 3.0";
			hasScannedForEncodings = 1;
			mainGroup = 2A37F4AAFDCFA73011CA2CEA /* Trazzle */;
			projectDirPath = "";
			projectReferences = (
				{
					ProductGroup = 2CAD39C90F6F059A00D390D9 /* Products */;
					ProjectRef = 2CAD39C80F6F059A00D390D9 /* Builder.xcodeproj */;
				},
				{
					ProductGroup = 2C485F291062D4B7009818EE /* Products */;
					ProjectRef = 2C485F281062D4B7009818EE /* Inspector.xcodeproj */;
				},
				{
					ProductGroup = 496AF09D0F321FDB0049FB23 /* Products */;
					ProjectRef = 496AF09C0F321FDB0049FB23 /* Logger.xcodeproj */;
				},
				{
					ProductGroup = 2C8CFEC5105AA03C002C246F /* Products */;
					ProjectRef = 2C8CFEC4105AA03C002C246F /* PerformanceMonitor.xcodeproj */;
				},
			);
			projectRoot = "";
			targets = (
				8D15AC270486D014006FF6A4 /* Trazzle */,
				2CFA54E20D6B8D5F00F5DFE5 /* Tests */,
			);
		};
/* End PBXProject section */

/* Begin PBXReferenceProxy section */
		2C485F2D1062D4B7009818EE /* Inspector.trazzlePlugin */ = {
			isa = PBXReferenceProxy;
			fileType = wrapper.cfbundle;
			path = Inspector.trazzlePlugin;
			remoteRef = 2C485F2C1062D4B7009818EE /* PBXContainerItemProxy */;
			sourceTree = BUILT_PRODUCTS_DIR;
		};
		2C65AD9E0F32813F005D7A61 /* Tests.octest */ = {
			isa = PBXReferenceProxy;
			fileType = wrapper.cfbundle;
			path = Tests.octest;
			remoteRef = 2C65AD9D0F32813F005D7A61 /* PBXContainerItemProxy */;
			sourceTree = BUILT_PRODUCTS_DIR;
		};
		2C8CFEC9105AA03D002C246F /* PerformanceMonitor.trazzlePlugin */ = {
			isa = PBXReferenceProxy;
			fileType = wrapper.cfbundle;
			path = PerformanceMonitor.trazzlePlugin;
			remoteRef = 2C8CFEC8105AA03D002C246F /* PBXContainerItemProxy */;
			sourceTree = BUILT_PRODUCTS_DIR;
		};
		2CAD39CD0F6F059A00D390D9 /* Builder.trazzlePlugin */ = {
			isa = PBXReferenceProxy;
			fileType = wrapper.cfbundle;
			path = Builder.trazzlePlugin;
			remoteRef = 2CAD39CC0F6F059A00D390D9 /* PBXContainerItemProxy */;
			sourceTree = BUILT_PRODUCTS_DIR;
		};
		496AF0A10F321FDB0049FB23 /* Logger.trazzlePlugin */ = {
			isa = PBXReferenceProxy;
			fileType = wrapper.cfbundle;
			path = Logger.trazzlePlugin;
			remoteRef = 496AF0A00F321FDB0049FB23 /* PBXContainerItemProxy */;
			sourceTree = BUILT_PRODUCTS_DIR;
		};
/* End PBXReferenceProxy section */

/* Begin PBXResourcesBuildPhase section */
		2CFA54DE0D6B8D5F00F5DFE5 /* Resources */ = {
			isa = PBXResourcesBuildPhase;
			buildActionMask = 2147483647;
			files = (
			);
			runOnlyForDeploymentPostprocessing = 0;
		};
		8D15AC2B0486D014006FF6A4 /* Resources */ = {
			isa = PBXResourcesBuildPhase;
			buildActionMask = 2147483647;
			files = (
				8D15AC2D0486D014006FF6A4 /* MainMenu.nib in Resources */,
				8D15AC2F0486D014006FF6A4 /* InfoPlist.strings in Resources */,
				2C1A2B380D294BB600418DB7 /* reload.tiff in Resources */,
				2CCF87090E22B19D00B8CE88 /* trazzle.icns in Resources */,
				2C19E0660EBE75C100B9BA96 /* MainWindow.xib in Resources */,
				2C1D6DC70F34F82F00EA8975 /* statusbar_icon.png in Resources */,
				2C1D6DDE0F34FA4000EA8975 /* statusbar_icon_alternate.png in Resources */,
				2C93A55F0F390BD40050CD51 /* tabbar_background.png in Resources */,
				2C54D7FD0F3A068200264CC9 /* tabbar_activetab_right.png in Resources */,
				2C54D7FE0F3A068200264CC9 /* tabbar_activetab_middle.png in Resources */,
				2C54D7FF0F3A068200264CC9 /* tabbar_activetab_left.png in Resources */,
				2CDA110F1041DA8E008338CF /* tabbar_close_off_over.png in Resources */,
				2CDA11101041DA8E008338CF /* tabbar_close_off_up.png in Resources */,
				2CDA11111041DA8E008338CF /* tabbar_divider.png in Resources */,
				2CDA11271041DBDE008338CF /* tabbar_close_on_over.png in Resources */,
				2CDA11281041DBDE008338CF /* tabbar_close_on_up.png in Resources */,
				2C10A89A1074E26700EAED60 /* UpdatePreferences.xib in Resources */,
				2C7D43F61077920D00EB4725 /* FRFeedbackReporter.sh in Resources */,
				2CF4FB0C107981D8003BA6B3 /* dsa_pub.pem in Resources */,
			);
			runOnlyForDeploymentPostprocessing = 0;
		};
/* End PBXResourcesBuildPhase section */

/* Begin PBXShellScriptBuildPhase section */
		2C65ACD20F325A34005D7A61 /* ShellScript */ = {
			isa = PBXShellScriptBuildPhase;
			buildActionMask = 2147483647;
			files = (
			);
			inputPaths = (
			);
			outputPaths = (
			);
			runOnlyForDeploymentPostprocessing = 0;
			shellPath = /bin/sh;
			shellScript = "#./Scripts/add_revision";
		};
		2CFA54E10D6B8D5F00F5DFE5 /* ShellScript */ = {
			isa = PBXShellScriptBuildPhase;
			buildActionMask = 2147483647;
			files = (
			);
			inputPaths = (
			);
			outputPaths = (
			);
			runOnlyForDeploymentPostprocessing = 0;
			shellPath = /bin/sh;
			shellScript = "# Run the unit tests in this test bundle.\n# \"${SYSTEM_DEVELOPER_DIR}/Tools/RunUnitTests\"\n";
		};
/* End PBXShellScriptBuildPhase section */

/* Begin PBXSourcesBuildPhase section */
		2CFA54DF0D6B8D5F00F5DFE5 /* Sources */ = {
			isa = PBXSourcesBuildPhase;
			buildActionMask = 2147483647;
			files = (
			);
			runOnlyForDeploymentPostprocessing = 0;
		};
		8D15AC300486D014006FF6A4 /* Sources */ = {
			isa = PBXSourcesBuildPhase;
			buildActionMask = 2147483647;
			files = (
				8D15AC320486D014006FF6A4 /* main.m in Sources */,
				2CF39FF60CF8E5CA00A1B9A9 /* ZZController.m in Sources */,
				2C19E0610EBE752F00B9BA96 /* ZZWindowController.m in Sources */,
				2C2EC3A00ECE303F005785E2 /* PlugInController.m in Sources */,
				2C93A5390F3906A60050CD51 /* ZZTabStyle.m in Sources */,
				2C1F223C0FF57C730035F2DE /* ZZApplication.m in Sources */,
				2CDA0FF01041AFF4008338CF /* ZZWindow.m in Sources */,
				2C8C05E5105B1729002C246F /* AMF.m in Sources */,
				2C8C05E6105B1729002C246F /* AMFActionMessage.m in Sources */,
				2C8C05E7105B1729002C246F /* AMFArchiver.m in Sources */,
				2C8C05E8105B1729002C246F /* AMFDebugUnarchiver.m in Sources */,
				2C8C05E9105B1729002C246F /* AMFDuplexGateway.m in Sources */,
				2C8C05EA105B1729002C246F /* AMFGateway.m in Sources */,
				2C8C05EB105B1729002C246F /* AMFRemotingCall.m in Sources */,
				2C8C05EC105B1729002C246F /* AMFUnarchiver.m in Sources */,
				2C8C05ED105B1729002C246F /* ASObject.m in Sources */,
				2C8C05EE105B1729002C246F /* FlexDataTypes.m in Sources */,
				2C8C05EF105B1729002C246F /* NSInvocation-AMFExtensions.m in Sources */,
				2C8C05F0105B1729002C246F /* NSObject-AMFExtensions.m in Sources */,
				2C8C0604105B181E002C246F /* AsyncSocket.m in Sources */,
				2C8C0670105B2831002C246F /* ZZConnection.m in Sources */,
				2CF0B37B105C5BAD000222E7 /* ZZCoreService.m in Sources */,
				2CEEDBB9106ACCB700D46C84 /* ZZTabBarControl.m in Sources */,
				2C6920511072C1CC00D20740 /* AAPreferencesWindowController.m in Sources */,
				2C10A89E1074E31E00EAED60 /* ZZUpdatePreferencesViewController.m in Sources */,
				2C10A8C51074EC7800EAED60 /* NSDate+AAAdditions.m in Sources */,
			);
			runOnlyForDeploymentPostprocessing = 0;
		};
/* End PBXSourcesBuildPhase section */

/* Begin PBXTargetDependency section */
		2C485F301062D4E1009818EE /* PBXTargetDependency */ = {
			isa = PBXTargetDependency;
			name = Inspector;
			targetProxy = 2C485F2F1062D4E1009818EE /* PBXContainerItemProxy */;
		};
		2C8CFECC105AA056002C246F /* PBXTargetDependency */ = {
			isa = PBXTargetDependency;
			name = PerformanceMonitor;
			targetProxy = 2C8CFECB105AA056002C246F /* PBXContainerItemProxy */;
		};
		2CFA552B0D6B943E00F5DFE5 /* PBXTargetDependency */ = {
			isa = PBXTargetDependency;
			target = 8D15AC270486D014006FF6A4 /* Trazzle */;
			targetProxy = 2CFA552A0D6B943E00F5DFE5 /* PBXContainerItemProxy */;
		};
		496AF0A30F321FE50049FB23 /* PBXTargetDependency */ = {
			isa = PBXTargetDependency;
			name = Logger;
			targetProxy = 496AF0A20F321FE50049FB23 /* PBXContainerItemProxy */;
		};
/* End PBXTargetDependency section */

/* Begin PBXVariantGroup section */
		089C165FFE840EACC02AAC07 /* InfoPlist.strings */ = {
			isa = PBXVariantGroup;
			children = (
				089C1660FE840EACC02AAC07 /* InfoPlist.strings */,
			);
			name = InfoPlist.strings;
			sourceTree = "<group>";
		};
		2A37F4B6FDCFA73011CA2CEA /* MainMenu.nib */ = {
			isa = PBXVariantGroup;
			children = (
				2A37F4B7FDCFA73011CA2CEA /* MainMenu.nib */,
			);
			name = MainMenu.nib;
			sourceTree = "<group>";
		};
		2A37F4B9FDCFA73011CA2CEA /* Credits.rtf */ = {
			isa = PBXVariantGroup;
			children = (
				2A37F4BAFDCFA73011CA2CEA /* Credits.rtf */,
			);
			name = Credits.rtf;
			sourceTree = "<group>";
		};
/* End PBXVariantGroup section */

/* Begin XCBuildConfiguration section */
		2CFA54E40D6B8D6000F5DFE5 /* Debug */ = {
			isa = XCBuildConfiguration;
			buildSettings = {
				COPY_PHASE_STRIP = NO;
				FRAMEWORK_SEARCH_PATHS = (
					"\"$(SRCROOT)/Frameworks\"",
					"$(BUILT_PRODUCTS_DIR)/Trazzle.app/Contents/Frameworks/",
					"$(DEVELOPER_LIBRARY_DIR)/Frameworks",
				);
				GCC_DYNAMIC_NO_PIC = NO;
				GCC_ENABLE_FIX_AND_CONTINUE = NO;
				GCC_ENABLE_OBJC_EXCEPTIONS = YES;
				GCC_MODEL_TUNING = G5;
				GCC_OPTIMIZATION_LEVEL = 0;
				GCC_PRECOMPILE_PREFIX_HEADER = YES;
				GCC_PREFIX_HEADER = "$(SYSTEM_LIBRARY_DIR)/Frameworks/Cocoa.framework/Headers/Cocoa.h";
				INFOPLIST_FILE = "Tests-Info.plist";
				INSTALL_PATH = "$(USER_LIBRARY_DIR)/Bundles";
				OTHER_LDFLAGS = (
					"-framework",
					Cocoa,
					"-framework",
					SenTestingKit,
				);
				PREBINDING = NO;
				PRODUCT_NAME = Tests;
				WRAPPER_EXTENSION = octest;
			};
			name = Debug;
		};
		2CFA54E50D6B8D6000F5DFE5 /* Release */ = {
			isa = XCBuildConfiguration;
			buildSettings = {
				BUNDLE_LOADER = "$(BUILT_PRODUCTS_DIR)/Trazzle.app/Contents/MacOS/Trazzle";
				COPY_PHASE_STRIP = YES;
				DEBUG_INFORMATION_FORMAT = "dwarf-with-dsym";
				FRAMEWORK_SEARCH_PATHS = (
					"\"$(SRCROOT)/Frameworks\"",
					"$(BUILT_PRODUCTS_DIR)/Trazzle.app/Contents/Frameworks/",
					"$(DEVELOPER_LIBRARY_DIR)/Frameworks",
				);
				GCC_ENABLE_FIX_AND_CONTINUE = NO;
				GCC_ENABLE_OBJC_EXCEPTIONS = YES;
				GCC_MODEL_TUNING = G5;
				GCC_PRECOMPILE_PREFIX_HEADER = YES;
				GCC_PREFIX_HEADER = "$(SYSTEM_LIBRARY_DIR)/Frameworks/Cocoa.framework/Headers/Cocoa.h";
				INFOPLIST_FILE = "Tests-Info.plist";
				INSTALL_PATH = "$(USER_LIBRARY_DIR)/Bundles";
				OTHER_LDFLAGS = (
					"-framework",
					Cocoa,
					"-framework",
					SenTestingKit,
				);
				PREBINDING = NO;
				PRODUCT_NAME = Tests;
				TEST_HOST = "$(BUNDLE_LOADER)";
				WRAPPER_EXTENSION = octest;
				ZERO_LINK = NO;
			};
			name = Release;
		};
		C05733C808A9546B00998B17 /* Debug */ = {
			isa = XCBuildConfiguration;
			buildSettings = {
				COPY_PHASE_STRIP = NO;
				CURRENT_PROJECT_VERSION = 22;
				FRAMEWORK_SEARCH_PATHS = (
					"$(inherited)",
					"\"$(SRCROOT)/Frameworks/PSMTabBarControl/build/$(CONFIGURATION)\"",
					"\"$(SRCROOT)/Frameworks/Sparkle/build/$(CONFIGURATION)\"",
					"\"$(SRCROOT)/Frameworks\"",
					"\"$(SRCROOT)/Libraries/CocoaAMF/Examples/AMFClient/Frameworks\"",
				);
				GCC_DYNAMIC_NO_PIC = NO;
				GCC_ENABLE_FIX_AND_CONTINUE = YES;
				GCC_MODEL_TUNING = G5;
				GCC_OPTIMIZATION_LEVEL = 0;
				GCC_PRECOMPILE_PREFIX_HEADER = YES;
				GCC_PREFIX_HEADER = Trazzle_Prefix.pch;
				INFOPLIST_FILE = Resources/Info.plist;
				INSTALL_PATH = "$(HOME)/Applications";
				OTHER_CFLAGS = "";
				PRODUCT_NAME = Trazzle;
				VERSIONING_SYSTEM = "apple-generic";
				VERSION_INFO_PREFIX = ZZ;
				WRAPPER_EXTENSION = app;
			};
			name = Debug;
		};
		C05733C908A9546B00998B17 /* Release */ = {
			isa = XCBuildConfiguration;
			buildSettings = {
				CURRENT_PROJECT_VERSION = 22;
				DEBUG_INFORMATION_FORMAT = "dwarf-with-dsym";
				FRAMEWORK_SEARCH_PATHS = (
					"$(inherited)",
					"\"$(SRCROOT)/Frameworks/PSMTabBarControl/build/$(CONFIGURATION)\"",
					"\"$(SRCROOT)/Frameworks/Sparkle/build/$(CONFIGURATION)\"",
					"\"$(SRCROOT)/Frameworks\"",
					"\"$(SRCROOT)/Libraries/CocoaAMF/Examples/AMFClient/Frameworks\"",
				);
				GCC_MODEL_TUNING = G5;
				GCC_PRECOMPILE_PREFIX_HEADER = YES;
				GCC_PREFIX_HEADER = Trazzle_Prefix.pch;
				INFOPLIST_FILE = Resources/Info.plist;
				INSTALL_PATH = "$(HOME)/Applications";
				PRODUCT_NAME = Trazzle;
				STRIP_STYLE = debugging;
				VERSIONING_SYSTEM = "apple-generic";
				VERSION_INFO_PREFIX = ZZ;
				WRAPPER_EXTENSION = app;
			};
			name = Release;
		};
		C05733CC08A9546B00998B17 /* Debug */ = {
			isa = XCBuildConfiguration;
			buildSettings = {
				ARCHS = "$(ARCHS_STANDARD_32_BIT_PRE_XCODE_3_1)";
				ARCHS_STANDARD_32_BIT_PRE_XCODE_3_1 = "ppc i386";
				GCC_C_LANGUAGE_STANDARD = c99;
				GCC_PREPROCESSOR_DEFINITIONS = DEBUG;
				GCC_WARN_ABOUT_RETURN_TYPE = YES;
				GCC_WARN_UNUSED_VARIABLE = YES;
				PREBINDING = NO;
				SDKROOT = "$(DEVELOPER_SDK_DIR)/MacOSX10.5.sdk";
			};
			name = Debug;
		};
		C05733CD08A9546B00998B17 /* Release */ = {
			isa = XCBuildConfiguration;
			buildSettings = {
				ARCHS = "$(ARCHS_STANDARD_32_BIT_PRE_XCODE_3_1)";
				ARCHS_STANDARD_32_BIT_PRE_XCODE_3_1 = "ppc i386";
				GCC_C_LANGUAGE_STANDARD = c99;
				GCC_TREAT_WARNINGS_AS_ERRORS = YES;
				GCC_WARN_ABOUT_RETURN_TYPE = YES;
				GCC_WARN_UNUSED_VARIABLE = YES;
				PREBINDING = NO;
				SDKROOT = "$(DEVELOPER_SDK_DIR)/MacOSX10.5.sdk";
			};
			name = Release;
		};
/* End XCBuildConfiguration section */

/* Begin XCConfigurationList section */
		2CFA54E80D6B8D7300F5DFE5 /* Build configuration list for PBXNativeTarget "Tests" */ = {
			isa = XCConfigurationList;
			buildConfigurations = (
				2CFA54E40D6B8D6000F5DFE5 /* Debug */,
				2CFA54E50D6B8D6000F5DFE5 /* Release */,
			);
			defaultConfigurationIsVisible = 0;
			defaultConfigurationName = Release;
		};
		C05733C708A9546B00998B17 /* Build configuration list for PBXNativeTarget "Trazzle" */ = {
			isa = XCConfigurationList;
			buildConfigurations = (
				C05733C808A9546B00998B17 /* Debug */,
				C05733C908A9546B00998B17 /* Release */,
			);
			defaultConfigurationIsVisible = 0;
			defaultConfigurationName = Release;
		};
		C05733CB08A9546B00998B17 /* Build configuration list for PBXProject "Trazzle" */ = {
			isa = XCConfigurationList;
			buildConfigurations = (
				C05733CC08A9546B00998B17 /* Debug */,
				C05733CD08A9546B00998B17 /* Release */,
			);
			defaultConfigurationIsVisible = 0;
			defaultConfigurationName = Release;
		};
/* End XCConfigurationList section */
	};
	rootObject = 2A37F4A9FDCFA73011CA2CEA /* Project object */;
}
